// !$*UTF8*$!
{
	archiveVersion = 1;
	classes = {
	};
	objectVersion = 77;
	objects = {

/* Begin PBXBuildFile section */
		0AA8FC1D3F625AABF5777C9F /* SubprocessAdapterTests.swift in Sources */ = {isa = PBXBuildFile; fileRef = D2154C9B35956879197B12AC /* SubprocessAdapterTests.swift */; };
		2528022DB189F9F99041972C /* KeychainStoreTests.swift in Sources */ = {isa = PBXBuildFile; fileRef = 97C7886911F46E51E0EE1B2B /* KeychainStoreTests.swift */; };
		2608EF8CE0CD660F8AA89425 /* OllamaClient.swift in Sources */ = {isa = PBXBuildFile; fileRef = 01F6073CF328ABEC81E9A9E2 /* OllamaClient.swift */; };
		2A11383BA014D49F2D898CA7 /* ServiceHealth.swift in Sources */ = {isa = PBXBuildFile; fileRef = 0B01BD5888FD90D28050A644 /* ServiceHealth.swift */; };
		2A8C3511868F93C5A6FF7D43 /* MenuBarController.swift in Sources */ = {isa = PBXBuildFile; fileRef = A7984BAF95D16BC6C2BF8FC4 /* MenuBarController.swift */; };
		31E46F341085D08259EC4962 /* PromptBuilderTests.swift in Sources */ = {isa = PBXBuildFile; fileRef = EE76AF586A612F980FC97D19 /* PromptBuilderTests.swift */; };
		34ACCAF6781DDF51A663A56F /* PromptBuilder.swift in Sources */ = {isa = PBXBuildFile; fileRef = 76E282A1175D7AE8E61BA9E1 /* PromptBuilder.swift */; };
		44401121145FDD4E5FDFB90A /* AppDelegate.swift in Sources */ = {isa = PBXBuildFile; fileRef = 7C0BEF5D9A652729F4FA11F4 /* AppDelegate.swift */; };
		570A01C0F98874233CA618A5 /* MessengerAdapterTypesTests.swift in Sources */ = {isa = PBXBuildFile; fileRef = FEF50F53B4EA1FE342BC9519 /* MessengerAdapterTypesTests.swift */; };
		57A0A183DA4F04B687597823 /* AnthropicClient.swift in Sources */ = {isa = PBXBuildFile; fileRef = 5505C31BEA21DA121B801309 /* AnthropicClient.swift */; };
		5D6362E0E7358191E879A9FC /* AppDatabase.swift in Sources */ = {isa = PBXBuildFile; fileRef = F108F4654D64EC797F01A083 /* AppDatabase.swift */; };
		5D699EFC3B5C38ED70CDAE9D /* AppDatabaseTests.swift in Sources */ = {isa = PBXBuildFile; fileRef = 982FB6E746994CADC872ABF9 /* AppDatabaseTests.swift */; };
		671F4C04C5BC9ABC8ED70514 /* LLMClient.swift in Sources */ = {isa = PBXBuildFile; fileRef = F2480065C366A43445195D28 /* LLMClient.swift */; };
		68558FFF6748D2321631327B /* GRDB in Frameworks */ = {isa = PBXBuildFile; productRef = D2A719FBD90D2E75C687F20F /* GRDB */; };
		6FD560709B01F26879B0C14C /* LLMProvider.swift in Sources */ = {isa = PBXBuildFile; fileRef = 09D44892CD851C4994CEA012 /* LLMProvider.swift */; };
		74A17FE1D2ED74716D433271 /* BriefRepositoryTests.swift in Sources */ = {isa = PBXBuildFile; fileRef = 9B1929271EECAE78EB924D9C /* BriefRepositoryTests.swift */; };
		7A1C42ABBA573144C4FF9C7F /* OpenAIClient.swift in Sources */ = {isa = PBXBuildFile; fileRef = 14DE9B36EDDE0DDEA40BC7DB /* OpenAIClient.swift */; };
		7B7A3506F3DF564A1595A4A8 /* LLMessengerTests.swift in Sources */ = {isa = PBXBuildFile; fileRef = 04AD6FE9081C8C6745F970B3 /* LLMessengerTests.swift */; };
		89D9474481B146BB8EFB761C /* BriefEngineTests.swift in Sources */ = {isa = PBXBuildFile; fileRef = 306739C4ABE143E1957D677D /* BriefEngineTests.swift */; };
		8F6E46E1E8A362D1B0918AE5 /* MessengerAdapter.swift in Sources */ = {isa = PBXBuildFile; fileRef = 999DA7D70BF17E8C58A82F39 /* MessengerAdapter.swift */; };
		99DF7C943776ACA97E3BEBFE /* PollEngineTests.swift in Sources */ = {isa = PBXBuildFile; fileRef = 5BD35DAA3149EDABD48268EB /* PollEngineTests.swift */; };
		A487772BFE11B21472DAB15E /* Message.swift in Sources */ = {isa = PBXBuildFile; fileRef = 4DF82DF450F3BE04F68ACE24 /* Message.swift */; };
		ADE6785F10D5F0FB2A55C6C6 /* BriefRepository.swift in Sources */ = {isa = PBXBuildFile; fileRef = 1878E2B6A35CE54B6CB50CE5 /* BriefRepository.swift */; };
		AEC6BDAAE9B2D3A6348B68CB /* MemoryCompressorTests.swift in Sources */ = {isa = PBXBuildFile; fileRef = 0035F3076DFE68F7CFF2F8BF /* MemoryCompressorTests.swift */; };
		D3E2D898475FF1A5557529FB /* KeychainStore.swift in Sources */ = {isa = PBXBuildFile; fileRef = DD7132694084B04D0191F7CC /* KeychainStore.swift */; };
		DE0C17AEBEECDE55B14BD784 /* LLMessengerApp.swift in Sources */ = {isa = PBXBuildFile; fileRef = E3EB5DE5DDEE98CA023C438D /* LLMessengerApp.swift */; };
		E2C8F8B6CA8E66B74B528FB1 /* LLMClientTypesTests.swift in Sources */ = {isa = PBXBuildFile; fileRef = E0E83C3D7F5BA8B73D9EF54F /* LLMClientTypesTests.swift */; };
		E76EA4B470CC880F2800F3F3 /* LLMProviderTests.swift in Sources */ = {isa = PBXBuildFile; fileRef = 81F98163F2B0DC06E29DF2EB /* LLMProviderTests.swift */; };
		EAB0DE7548B574521670DA15 /* SubprocessAdapter.swift in Sources */ = {isa = PBXBuildFile; fileRef = 08F728AD5C60C25170C49606 /* SubprocessAdapter.swift */; };
		EBF9D849F71DA7874D3F96DD /* PollEngine.swift in Sources */ = {isa = PBXBuildFile; fileRef = 91DCC83C90E2B73383588FD1 /* PollEngine.swift */; };
		ED026EB71E8074D35FCC0477 /* GRDB in Frameworks */ = {isa = PBXBuildFile; productRef = 053BC1D531581B41EE1FF9FC /* GRDB */; };
		ED58A99EF4403B466D24E7FF /* Brief.swift in Sources */ = {isa = PBXBuildFile; fileRef = 3982B388A984024FBEEA9C82 /* Brief.swift */; };
		F465FA960D540D9CFB44E578 /* MemoryCompressor.swift in Sources */ = {isa = PBXBuildFile; fileRef = 8EECDFBE48FD81655E32558B /* MemoryCompressor.swift */; };
		F4A203E914BDB2F60BF276E4 /* ServiceConfig.swift in Sources */ = {isa = PBXBuildFile; fileRef = 3DB2F4FDD502C4B9477B9BCE /* ServiceConfig.swift */; };
		FB19EB3855A919C4B8DCB7C4 /* BriefEngine.swift in Sources */ = {isa = PBXBuildFile; fileRef = CC762565E52A3E618204CC24 /* BriefEngine.swift */; };
		FA2E635F668D4F769811D331 /* AppState.swift in Sources */ = {isa = PBXBuildFile; fileRef = AB6C76CED5204C53B9661213 /* AppState.swift */; };
		00AC35B3952246009C73E164 /* SettingsRepository.swift in Sources */ = {isa = PBXBuildFile; fileRef = 5D1DBFE72BC54C2AA4B39271 /* SettingsRepository.swift */; };
		DF3D126AF89C467A82B54807 /* SettingsView.swift in Sources */ = {isa = PBXBuildFile; fileRef = 37397235693349A38185E102 /* SettingsView.swift */; };
		C90BC46FE4F34E4DAE71ACF4 /* LLMSettingsTab.swift in Sources */ = {isa = PBXBuildFile; fileRef = 639F9A53B53A409787D4AFE1 /* LLMSettingsTab.swift */; };
		716164422C7A4995AE8BD89D /* ServiceSettingsTab.swift in Sources */ = {isa = PBXBuildFile; fileRef = F3670B4D8B8444969A1FFD1A /* ServiceSettingsTab.swift */; };
		F7E8E67C6F40485DA31716CB /* SettingsRepositoryTests.swift in Sources */ = {isa = PBXBuildFile; fileRef = 34734C4C9D5F417C946DDB41 /* SettingsRepositoryTests.swift */; };
		780BBF4FC5424720AA63F386 /* ChatViewModel.swift in Sources */ = {isa = PBXBuildFile; fileRef = D65B5F62CF5843DF987E66A5 /* ChatViewModel.swift */; };
		5602AECAAC88401D834A72BC /* ChatWindowController.swift in Sources */ = {isa = PBXBuildFile; fileRef = BBD8AEF8C2144A978588B75E /* ChatWindowController.swift */; };
		053C1E457AC2428FAD5F96C0 /* ContentView.swift in Sources */ = {isa = PBXBuildFile; fileRef = D02C27796C70417CA5A01043 /* ContentView.swift */; };
		C43F9068E8FE4272BFB8833A /* BriefListView.swift in Sources */ = {isa = PBXBuildFile; fileRef = 4725462A36AE493D9A72655D /* BriefListView.swift */; };
		9B1CC80B4FD1468BADC78A1A /* BriefHeaderView.swift in Sources */ = {isa = PBXBuildFile; fileRef = C35D21407E0747CEB2C7C314 /* BriefHeaderView.swift */; };
		CFD4606B82664039A562706C /* ChatPanelView.swift in Sources */ = {isa = PBXBuildFile; fileRef = A565659F70D54A1CA88F567C /* ChatPanelView.swift */; };
		97D7803AB1F64CE289D20D48 /* ThreadView.swift in Sources */ = {isa = PBXBuildFile; fileRef = 869D6A2445EE4BA990F65DEB /* ThreadView.swift */; };
		351E7826CA15405396A2EBB2 /* MessageBubbleView.swift in Sources */ = {isa = PBXBuildFile; fileRef = 05179282B29F4694ACC5FE47 /* MessageBubbleView.swift */; };
		2B1F5C6A04D64AD68885C051 /* AssistantResponseView.swift in Sources */ = {isa = PBXBuildFile; fileRef = C9B73E8E1B3A4646B6C7C88C /* AssistantResponseView.swift */; };
		8E423AD6AE474E3E9FCB31FF /* ReplyDraftView.swift in Sources */ = {isa = PBXBuildFile; fileRef = AF78E0F5A9144EBABA9D849F /* ReplyDraftView.swift */; };
		D1F953A8E249428C89CB5F03 /* ChatInputView.swift in Sources */ = {isa = PBXBuildFile; fileRef = 12C5FE699D974D7780C59168 /* ChatInputView.swift */; };
		EE89AE6498BD42DB97AC789C /* AppStateTests.swift in Sources */ = {isa = PBXBuildFile; fileRef = 38C42E6666B245F881842069 /* AppStateTests.swift */; };
		BEEE37989C2A49DFBA75E033 /* ChatViewModelTests.swift in Sources */ = {isa = PBXBuildFile; fileRef = 41636AD8770243FCAD928306 /* ChatViewModelTests.swift */; };
		BB100001BB100001BB100001 /* NotificationManager.swift in Sources */ = {isa = PBXBuildFile; fileRef = BB100002BB100002BB100002 /* NotificationManager.swift */; };
		BB100003BB100003BB100003 /* NotificationManagerTests.swift in Sources */ = {isa = PBXBuildFile; fileRef = BB100004BB100004BB100004 /* NotificationManagerTests.swift */; };
		CC200001CC200001CC200001 /* SignalCLIAdapter.swift in Sources */ = {isa = PBXBuildFile; fileRef = CC200002CC200002CC200002 /* SignalCLIAdapter.swift */; };
		CC200003CC200003CC200003 /* SignalCLIAdapterTests.swift in Sources */ = {isa = PBXBuildFile; fileRef = CC200004CC200004CC200004 /* SignalCLIAdapterTests.swift */; };
		DD300001DD300001DD300001 /* AutoLaunchManager.swift in Sources */ = {isa = PBXBuildFile; fileRef = DD300002DD300002DD300002 /* AutoLaunchManager.swift */; };
		DD300003DD300003DD300003 /* AutoLaunchManagerTests.swift in Sources */ = {isa = PBXBuildFile; fileRef = DD300004DD300004DD300004 /* AutoLaunchManagerTests.swift */; };
/* End PBXBuildFile section */

/* Begin PBXContainerItemProxy section */
		F164A1C73904287415EDFF17 /* PBXContainerItemProxy */ = {
			isa = PBXContainerItemProxy;
			containerPortal = 0DB035EDC2478694CD4D1658 /* Project object */;
			proxyType = 1;
			remoteGlobalIDString = D8C18878128686BDD36ED483;
			remoteInfo = LLMessenger;
		};
/* End PBXContainerItemProxy section */

/* Begin PBXFileReference section */
		0035F3076DFE68F7CFF2F8BF /* MemoryCompressorTests.swift */ = {isa = PBXFileReference; lastKnownFileType = sourcecode.swift; path = MemoryCompressorTests.swift; sourceTree = "<group>"; };
		01F6073CF328ABEC81E9A9E2 /* OllamaClient.swift */ = {isa = PBXFileReference; lastKnownFileType = sourcecode.swift; path = OllamaClient.swift; sourceTree = "<group>"; };
		04AD6FE9081C8C6745F970B3 /* LLMessengerTests.swift */ = {isa = PBXFileReference; lastKnownFileType = sourcecode.swift; path = LLMessengerTests.swift; sourceTree = "<group>"; };
		077FE5D051B4131476BEDD07 /* LLMessenger.app */ = {isa = PBXFileReference; explicitFileType = wrapper.application; includeInIndex = 0; path = LLMessenger.app; sourceTree = BUILT_PRODUCTS_DIR; };
		08F728AD5C60C25170C49606 /* SubprocessAdapter.swift */ = {isa = PBXFileReference; lastKnownFileType = sourcecode.swift; path = SubprocessAdapter.swift; sourceTree = "<group>"; };
		09D44892CD851C4994CEA012 /* LLMProvider.swift */ = {isa = PBXFileReference; lastKnownFileType = sourcecode.swift; path = LLMProvider.swift; sourceTree = "<group>"; };
		0B01BD5888FD90D28050A644 /* ServiceHealth.swift */ = {isa = PBXFileReference; lastKnownFileType = sourcecode.swift; path = ServiceHealth.swift; sourceTree = "<group>"; };
		14DE9B36EDDE0DDEA40BC7DB /* OpenAIClient.swift */ = {isa = PBXFileReference; lastKnownFileType = sourcecode.swift; path = OpenAIClient.swift; sourceTree = "<group>"; };
		1878E2B6A35CE54B6CB50CE5 /* BriefRepository.swift */ = {isa = PBXFileReference; lastKnownFileType = sourcecode.swift; path = BriefRepository.swift; sourceTree = "<group>"; };
		306739C4ABE143E1957D677D /* BriefEngineTests.swift */ = {isa = PBXFileReference; lastKnownFileType = sourcecode.swift; path = BriefEngineTests.swift; sourceTree = "<group>"; };
		3982B388A984024FBEEA9C82 /* Brief.swift */ = {isa = PBXFileReference; lastKnownFileType = sourcecode.swift; path = Brief.swift; sourceTree = "<group>"; };
		3DB2F4FDD502C4B9477B9BCE /* ServiceConfig.swift */ = {isa = PBXFileReference; lastKnownFileType = sourcecode.swift; path = ServiceConfig.swift; sourceTree = "<group>"; };
		4DF82DF450F3BE04F68ACE24 /* Message.swift */ = {isa = PBXFileReference; lastKnownFileType = sourcecode.swift; path = Message.swift; sourceTree = "<group>"; };
		5505C31BEA21DA121B801309 /* AnthropicClient.swift */ = {isa = PBXFileReference; lastKnownFileType = sourcecode.swift; path = AnthropicClient.swift; sourceTree = "<group>"; };
		5BD35DAA3149EDABD48268EB /* PollEngineTests.swift */ = {isa = PBXFileReference; lastKnownFileType = sourcecode.swift; path = PollEngineTests.swift; sourceTree = "<group>"; };
		76E282A1175D7AE8E61BA9E1 /* PromptBuilder.swift */ = {isa = PBXFileReference; lastKnownFileType = sourcecode.swift; path = PromptBuilder.swift; sourceTree = "<group>"; };
		7C0BEF5D9A652729F4FA11F4 /* AppDelegate.swift */ = {isa = PBXFileReference; lastKnownFileType = sourcecode.swift; path = AppDelegate.swift; sourceTree = "<group>"; };
		81F98163F2B0DC06E29DF2EB /* LLMProviderTests.swift */ = {isa = PBXFileReference; lastKnownFileType = sourcecode.swift; path = LLMProviderTests.swift; sourceTree = "<group>"; };
		8EECDFBE48FD81655E32558B /* MemoryCompressor.swift */ = {isa = PBXFileReference; lastKnownFileType = sourcecode.swift; path = MemoryCompressor.swift; sourceTree = "<group>"; };
		91DCC83C90E2B73383588FD1 /* PollEngine.swift */ = {isa = PBXFileReference; lastKnownFileType = sourcecode.swift; path = PollEngine.swift; sourceTree = "<group>"; };
		94378A6C5DDBC9A9A076B97D /* LLMessengerTests.xctest */ = {isa = PBXFileReference; explicitFileType = wrapper.cfbundle; includeInIndex = 0; path = LLMessengerTests.xctest; sourceTree = BUILT_PRODUCTS_DIR; };
		97C7886911F46E51E0EE1B2B /* KeychainStoreTests.swift */ = {isa = PBXFileReference; lastKnownFileType = sourcecode.swift; path = KeychainStoreTests.swift; sourceTree = "<group>"; };
		982FB6E746994CADC872ABF9 /* AppDatabaseTests.swift */ = {isa = PBXFileReference; lastKnownFileType = sourcecode.swift; path = AppDatabaseTests.swift; sourceTree = "<group>"; };
		999DA7D70BF17E8C58A82F39 /* MessengerAdapter.swift */ = {isa = PBXFileReference; lastKnownFileType = sourcecode.swift; path = MessengerAdapter.swift; sourceTree = "<group>"; };
		9B1929271EECAE78EB924D9C /* BriefRepositoryTests.swift */ = {isa = PBXFileReference; lastKnownFileType = sourcecode.swift; path = BriefRepositoryTests.swift; sourceTree = "<group>"; };
		A7984BAF95D16BC6C2BF8FC4 /* MenuBarController.swift */ = {isa = PBXFileReference; lastKnownFileType = sourcecode.swift; path = MenuBarController.swift; sourceTree = "<group>"; };
		BCE1A2AD60D1E42D7AAB4F4A /* Info.plist */ = {isa = PBXFileReference; lastKnownFileType = text.plist; path = Info.plist; sourceTree = "<group>"; };
		CC762565E52A3E618204CC24 /* BriefEngine.swift */ = {isa = PBXFileReference; lastKnownFileType = sourcecode.swift; path = BriefEngine.swift; sourceTree = "<group>"; };
		D2154C9B35956879197B12AC /* SubprocessAdapterTests.swift */ = {isa = PBXFileReference; lastKnownFileType = sourcecode.swift; path = SubprocessAdapterTests.swift; sourceTree = "<group>"; };
		DD7132694084B04D0191F7CC /* KeychainStore.swift */ = {isa = PBXFileReference; lastKnownFileType = sourcecode.swift; path = KeychainStore.swift; sourceTree = "<group>"; };
		E0E83C3D7F5BA8B73D9EF54F /* LLMClientTypesTests.swift */ = {isa = PBXFileReference; lastKnownFileType = sourcecode.swift; path = LLMClientTypesTests.swift; sourceTree = "<group>"; };
		E3EB5DE5DDEE98CA023C438D /* LLMessengerApp.swift */ = {isa = PBXFileReference; lastKnownFileType = sourcecode.swift; path = LLMessengerApp.swift; sourceTree = "<group>"; };
		EE76AF586A612F980FC97D19 /* PromptBuilderTests.swift */ = {isa = PBXFileReference; lastKnownFileType = sourcecode.swift; path = PromptBuilderTests.swift; sourceTree = "<group>"; };
		AB6C76CED5204C53B9661213 /* AppState.swift */ = {isa = PBXFileReference; lastKnownFileType = sourcecode.swift; path = AppState.swift; sourceTree = "<group>"; };
		D65B5F62CF5843DF987E66A5 /* ChatViewModel.swift */ = {isa = PBXFileReference; lastKnownFileType = sourcecode.swift; path = ChatViewModel.swift; sourceTree = "<group>"; };
		BBD8AEF8C2144A978588B75E /* ChatWindowController.swift */ = {isa = PBXFileReference; lastKnownFileType = sourcecode.swift; path = ChatWindowController.swift; sourceTree = "<group>"; };
		D02C27796C70417CA5A01043 /* ContentView.swift */ = {isa = PBXFileReference; lastKnownFileType = sourcecode.swift; path = ContentView.swift; sourceTree = "<group>"; };
		4725462A36AE493D9A72655D /* BriefListView.swift */ = {isa = PBXFileReference; lastKnownFileType = sourcecode.swift; path = BriefListView.swift; sourceTree = "<group>"; };
		C35D21407E0747CEB2C7C314 /* BriefHeaderView.swift */ = {isa = PBXFileReference; lastKnownFileType = sourcecode.swift; path = BriefHeaderView.swift; sourceTree = "<group>"; };
		A565659F70D54A1CA88F567C /* ChatPanelView.swift */ = {isa = PBXFileReference; lastKnownFileType = sourcecode.swift; path = ChatPanelView.swift; sourceTree = "<group>"; };
		869D6A2445EE4BA990F65DEB /* ThreadView.swift */ = {isa = PBXFileReference; lastKnownFileType = sourcecode.swift; path = ThreadView.swift; sourceTree = "<group>"; };
		05179282B29F4694ACC5FE47 /* MessageBubbleView.swift */ = {isa = PBXFileReference; lastKnownFileType = sourcecode.swift; path = MessageBubbleView.swift; sourceTree = "<group>"; };
		C9B73E8E1B3A4646B6C7C88C /* AssistantResponseView.swift */ = {isa = PBXFileReference; lastKnownFileType = sourcecode.swift; path = AssistantResponseView.swift; sourceTree = "<group>"; };
		AF78E0F5A9144EBABA9D849F /* ReplyDraftView.swift */ = {isa = PBXFileReference; lastKnownFileType = sourcecode.swift; path = ReplyDraftView.swift; sourceTree = "<group>"; };
		12C5FE699D974D7780C59168 /* ChatInputView.swift */ = {isa = PBXFileReference; lastKnownFileType = sourcecode.swift; path = ChatInputView.swift; sourceTree = "<group>"; };
		38C42E6666B245F881842069 /* AppStateTests.swift */ = {isa = PBXFileReference; lastKnownFileType = sourcecode.swift; path = AppStateTests.swift; sourceTree = "<group>"; };
		5D1DBFE72BC54C2AA4B39271 /* SettingsRepository.swift */ = {isa = PBXFileReference; lastKnownFileType = sourcecode.swift; path = SettingsRepository.swift; sourceTree = "<group>"; };
		37397235693349A38185E102 /* SettingsView.swift */ = {isa = PBXFileReference; lastKnownFileType = sourcecode.swift; path = SettingsView.swift; sourceTree = "<group>"; };
		639F9A53B53A409787D4AFE1 /* LLMSettingsTab.swift */ = {isa = PBXFileReference; lastKnownFileType = sourcecode.swift; path = LLMSettingsTab.swift; sourceTree = "<group>"; };
		F3670B4D8B8444969A1FFD1A /* ServiceSettingsTab.swift */ = {isa = PBXFileReference; lastKnownFileType = sourcecode.swift; path = ServiceSettingsTab.swift; sourceTree = "<group>"; };
		34734C4C9D5F417C946DDB41 /* SettingsRepositoryTests.swift */ = {isa = PBXFileReference; lastKnownFileType = sourcecode.swift; path = SettingsRepositoryTests.swift; sourceTree = "<group>"; };
		BB100002BB100002BB100002 /* NotificationManager.swift */ = {isa = PBXFileReference; lastKnownFileType = sourcecode.swift; path = NotificationManager.swift; sourceTree = "<group>"; };
		BB100004BB100004BB100004 /* NotificationManagerTests.swift */ = {isa = PBXFileReference; lastKnownFileType = sourcecode.swift; path = NotificationManagerTests.swift; sourceTree = "<group>"; };
		CC200002CC200002CC200002 /* SignalCLIAdapter.swift */ = {isa = PBXFileReference; lastKnownFileType = sourcecode.swift; path = SignalCLIAdapter.swift; sourceTree = "<group>"; };
		CC200004CC200004CC200004 /* SignalCLIAdapterTests.swift */ = {isa = PBXFileReference; lastKnownFileType = sourcecode.swift; path = SignalCLIAdapterTests.swift; sourceTree = "<group>"; };
		DD300002DD300002DD300002 /* AutoLaunchManager.swift */ = {isa = PBXFileReference; lastKnownFileType = sourcecode.swift; path = AutoLaunchManager.swift; sourceTree = "<group>"; };
		DD300004DD300004DD300004 /* AutoLaunchManagerTests.swift */ = {isa = PBXFileReference; lastKnownFileType = sourcecode.swift; path = AutoLaunchManagerTests.swift; sourceTree = "<group>"; };
		41636AD8770243FCAD928306 /* ChatViewModelTests.swift */ = {isa = PBXFileReference; lastKnownFileType = sourcecode.swift; path = ChatViewModelTests.swift; sourceTree = "<group>"; };
		F108F4654D64EC797F01A083 /* AppDatabase.swift */ = {isa = PBXFileReference; lastKnownFileType = sourcecode.swift; path = AppDatabase.swift; sourceTree = "<group>"; };
		F2480065C366A43445195D28 /* LLMClient.swift */ = {isa = PBXFileReference; lastKnownFileType = sourcecode.swift; path = LLMClient.swift; sourceTree = "<group>"; };
		FEF50F53B4EA1FE342BC9519 /* MessengerAdapterTypesTests.swift */ = {isa = PBXFileReference; lastKnownFileType = sourcecode.swift; path = MessengerAdapterTypesTests.swift; sourceTree = "<group>"; };
/* End PBXFileReference section */

/* Begin PBXFrameworksBuildPhase section */
		2AEBE98DE79213A1144AF7CD /* Frameworks */ = {
			isa = PBXFrameworksBuildPhase;
			buildActionMask = 2147483647;
			files = (
				68558FFF6748D2321631327B /* GRDB in Frameworks */,
			);
			runOnlyForDeploymentPostprocessing = 0;
		};
		EF8D0F8B3211978FC0E9FE3C /* Frameworks */ = {
			isa = PBXFrameworksBuildPhase;
			buildActionMask = 2147483647;
			files = (
				ED026EB71E8074D35FCC0477 /* GRDB in Frameworks */,
			);
			runOnlyForDeploymentPostprocessing = 0;
		};
/* End PBXFrameworksBuildPhase section */

/* Begin PBXGroup section */
		056590AA9FD9D74E056176B5 /* Keychain */ = {
			isa = PBXGroup;
			children = (
				DD7132694084B04D0191F7CC /* KeychainStore.swift */,
			);
			path = Keychain;
			sourceTree = "<group>";
		};
		0EDD5341D3C9298523B0F34E /* LLMessenger */ = {
			isa = PBXGroup;
			children = (
				7C0BEF5D9A652729F4FA11F4 /* AppDelegate.swift */,
				BCE1A2AD60D1E42D7AAB4F4A /* Info.plist */,
				E3EB5DE5DDEE98CA023C438D /* LLMessengerApp.swift */,
				1958C796DA475A22D89DE79A /* Core */,
				8418CC4CB8ADF8512F3A2299 /* MenuBar */,
				E6C5910FA1C243688231EED3 /* UI */,
			);
			path = LLMessenger;
			sourceTree = "<group>";
		};
		E6C5910FA1C243688231EED3 /* UI */ = {
			isa = PBXGroup;
			children = (
				AB6C76CED5204C53B9661213 /* AppState.swift */,
				D65B5F62CF5843DF987E66A5 /* ChatViewModel.swift */,
				BBD8AEF8C2144A978588B75E /* ChatWindowController.swift */,
				D02C27796C70417CA5A01043 /* ContentView.swift */,
				4725462A36AE493D9A72655D /* BriefListView.swift */,
				C35D21407E0747CEB2C7C314 /* BriefHeaderView.swift */,
				A565659F70D54A1CA88F567C /* ChatPanelView.swift */,
				869D6A2445EE4BA990F65DEB /* ThreadView.swift */,
				05179282B29F4694ACC5FE47 /* MessageBubbleView.swift */,
				C9B73E8E1B3A4646B6C7C88C /* AssistantResponseView.swift */,
				AF78E0F5A9144EBABA9D849F /* ReplyDraftView.swift */,
				12C5FE699D974D7780C59168 /* ChatInputView.swift */,
				B208931B5D4544D49FA40498 /* Settings */,
			);
			path = UI;
			sourceTree = "<group>";
		};
		B208931B5D4544D49FA40498 /* Settings */ = {
			isa = PBXGroup;
			children = (
				37397235693349A38185E102 /* SettingsView.swift */,
				639F9A53B53A409787D4AFE1 /* LLMSettingsTab.swift */,
				F3670B4D8B8444969A1FFD1A /* ServiceSettingsTab.swift */,
			);
			path = Settings;
			sourceTree = "<group>";
		};
		13D677F767D3499CEF015E0C /* Store */ = {
			isa = PBXGroup;
			children = (
				F108F4654D64EC797F01A083 /* AppDatabase.swift */,
				F6B2A081A9581FA441C819D0 /* Models */,
			);
			path = Store;
			sourceTree = "<group>";
		};
		14FF6D9A4D2EB4CFFC1C603F = {
			isa = PBXGroup;
			children = (
				0EDD5341D3C9298523B0F34E /* LLMessenger */,
				473CFBEE838299AE8AC2E70A /* LLMessengerTests */,
				5E8C8AC34E3CA9EBA8112275 /* Products */,
			);
			sourceTree = "<group>";
		};
		1958C796DA475A22D89DE79A /* Core */ = {
			isa = PBXGroup;
			children = (
				91DCC83C90E2B73383588FD1 /* PollEngine.swift */,
				CBD7C66B317B27709DA2E883 /* Adapters */,
				7F888C79963C323AB6E6BBD4 /* Brief */,
				056590AA9FD9D74E056176B5 /* Keychain */,
				364507FCF3614EFBB0D459DF /* LLM */,
				DD300005DD300005DD300005 /* AutoLaunch */,
				BB100005BB100005BB100005 /* Notifications */,
				51484823F73E4929A50BE96A /* Settings */,
				13D677F767D3499CEF015E0C /* Store */,
			);
			path = Core;
			sourceTree = "<group>";
		};
		DD300005DD300005DD300005 /* AutoLaunch */ = {
			isa = PBXGroup;
			children = (
				DD300002DD300002DD300002 /* AutoLaunchManager.swift */,
			);
			path = AutoLaunch;
			sourceTree = "<group>";
		};
		BB100005BB100005BB100005 /* Notifications */ = {
			isa = PBXGroup;
			children = (
				BB100002BB100002BB100002 /* NotificationManager.swift */,
			);
			path = Notifications;
			sourceTree = "<group>";
		};
		51484823F73E4929A50BE96A /* Settings */ = {
			isa = PBXGroup;
			children = (
				5D1DBFE72BC54C2AA4B39271 /* SettingsRepository.swift */,
			);
			path = Settings;
			sourceTree = "<group>";
		};
		364507FCF3614EFBB0D459DF /* LLM */ = {
			isa = PBXGroup;
			children = (
				5505C31BEA21DA121B801309 /* AnthropicClient.swift */,
				F2480065C366A43445195D28 /* LLMClient.swift */,
				09D44892CD851C4994CEA012 /* LLMProvider.swift */,
				01F6073CF328ABEC81E9A9E2 /* OllamaClient.swift */,
				14DE9B36EDDE0DDEA40BC7DB /* OpenAIClient.swift */,
				76E282A1175D7AE8E61BA9E1 /* PromptBuilder.swift */,
			);
			path = LLM;
			sourceTree = "<group>";
		};
		473CFBEE838299AE8AC2E70A /* LLMessengerTests */ = {
			isa = PBXGroup;
			children = (
				982FB6E746994CADC872ABF9 /* AppDatabaseTests.swift */,
				38C42E6666B245F881842069 /* AppStateTests.swift */,
				306739C4ABE143E1957D677D /* BriefEngineTests.swift */,
				9B1929271EECAE78EB924D9C /* BriefRepositoryTests.swift */,
				41636AD8770243FCAD928306 /* ChatViewModelTests.swift */,
				34734C4C9D5F417C946DDB41 /* SettingsRepositoryTests.swift */,
				BB100004BB100004BB100004 /* NotificationManagerTests.swift */,
				CC200004CC200004CC200004 /* SignalCLIAdapterTests.swift */,
				DD300004DD300004DD300004 /* AutoLaunchManagerTests.swift */,
				97C7886911F46E51E0EE1B2B /* KeychainStoreTests.swift */,

				E0E83C3D7F5BA8B73D9EF54F /* LLMClientTypesTests.swift */,
				04AD6FE9081C8C6745F970B3 /* LLMessengerTests.swift */,
				81F98163F2B0DC06E29DF2EB /* LLMProviderTests.swift */,
				0035F3076DFE68F7CFF2F8BF /* MemoryCompressorTests.swift */,
				FEF50F53B4EA1FE342BC9519 /* MessengerAdapterTypesTests.swift */,
				5BD35DAA3149EDABD48268EB /* PollEngineTests.swift */,
				EE76AF586A612F980FC97D19 /* PromptBuilderTests.swift */,
				D2154C9B35956879197B12AC /* SubprocessAdapterTests.swift */,
			);
			path = LLMessengerTests;
			sourceTree = "<group>";
		};
		5E8C8AC34E3CA9EBA8112275 /* Products */ = {
			isa = PBXGroup;
			children = (
				077FE5D051B4131476BEDD07 /* LLMessenger.app */,
				94378A6C5DDBC9A9A076B97D /* LLMessengerTests.xctest */,
			);
			name = Products;
			sourceTree = "<group>";
		};
		7F888C79963C323AB6E6BBD4 /* Brief */ = {
			isa = PBXGroup;
			children = (
				CC762565E52A3E618204CC24 /* BriefEngine.swift */,
				1878E2B6A35CE54B6CB50CE5 /* BriefRepository.swift */,
				8EECDFBE48FD81655E32558B /* MemoryCompressor.swift */,
			);
			path = Brief;
			sourceTree = "<group>";
		};
		8418CC4CB8ADF8512F3A2299 /* MenuBar */ = {
			isa = PBXGroup;
			children = (
				A7984BAF95D16BC6C2BF8FC4 /* MenuBarController.swift */,
			);
			path = MenuBar;
			sourceTree = "<group>";
		};
		CBD7C66B317B27709DA2E883 /* Adapters */ = {
			isa = PBXGroup;
			children = (
				999DA7D70BF17E8C58A82F39 /* MessengerAdapter.swift */,
				08F728AD5C60C25170C49606 /* SubprocessAdapter.swift */,
				CC200002CC200002CC200002 /* SignalCLIAdapter.swift */,
			);
			path = Adapters;
			sourceTree = "<group>";
		};
		F6B2A081A9581FA441C819D0 /* Models */ = {
			isa = PBXGroup;
			children = (
				3982B388A984024FBEEA9C82 /* Brief.swift */,
				4DF82DF450F3BE04F68ACE24 /* Message.swift */,
				3DB2F4FDD502C4B9477B9BCE /* ServiceConfig.swift */,
				0B01BD5888FD90D28050A644 /* ServiceHealth.swift */,
			);
			path = Models;
			sourceTree = "<group>";
		};
/* End PBXGroup section */

/* Begin PBXNativeTarget section */
		D523D9B22AB9F1E089BDE196 /* LLMessengerTests */ = {
			isa = PBXNativeTarget;
			buildConfigurationList = 5A4490C174AE35CC292D8FD4 /* Build configuration list for PBXNativeTarget "LLMessengerTests" */;
			buildPhases = (
				8128A7E938B5C448E1429C75 /* Sources */,
				EF8D0F8B3211978FC0E9FE3C /* Frameworks */,
			);
			buildRules = (
			);
			dependencies = (
				13453B954EFF59E32FB67AFD /* PBXTargetDependency */,
			);
			name = LLMessengerTests;
			packageProductDependencies = (
				053BC1D531581B41EE1FF9FC /* GRDB */,
			);
			productName = LLMessengerTests;
			productReference = 94378A6C5DDBC9A9A076B97D /* LLMessengerTests.xctest */;
			productType = "com.apple.product-type.bundle.unit-test";
		};
		D8C18878128686BDD36ED483 /* LLMessenger */ = {
			isa = PBXNativeTarget;
			buildConfigurationList = 00D8C7C96EC5F2820B4C6050 /* Build configuration list for PBXNativeTarget "LLMessenger" */;
			buildPhases = (
				6F6C055064F81B38E9D098B0 /* Sources */,
				2AEBE98DE79213A1144AF7CD /* Frameworks */,
			);
			buildRules = (
			);
			dependencies = (
			);
			name = LLMessenger;
			packageProductDependencies = (
				D2A719FBD90D2E75C687F20F /* GRDB */,
			);
			productName = LLMessenger;
			productReference = 077FE5D051B4131476BEDD07 /* LLMessenger.app */;
			productType = "com.apple.product-type.application";
		};
/* End PBXNativeTarget section */

/* Begin PBXProject section */
		0DB035EDC2478694CD4D1658 /* Project object */ = {
			isa = PBXProject;
			attributes = {
				BuildIndependentTargetsInParallel = YES;
				LastUpgradeCheck = 1430;
				TargetAttributes = {
				};
			};
			buildConfigurationList = 27A2941F5CDB25CACACF9A6F /* Build configuration list for PBXProject "LLMessenger" */;
			developmentRegion = en;
			hasScannedForEncodings = 0;
			knownRegions = (
				Base,
				en,
			);
			mainGroup = 14FF6D9A4D2EB4CFFC1C603F;
			minimizedProjectReferenceProxies = 1;
			packageReferences = (
				DE66926FA3D5C06EA2B25CC3 /* XCRemoteSwiftPackageReference "GRDB.swift" */,
			);
			preferredProjectObjectVersion = 77;
			productRefGroup = 5E8C8AC34E3CA9EBA8112275 /* Products */;
			projectDirPath = "";
			projectRoot = "";
			targets = (
				D8C18878128686BDD36ED483 /* LLMessenger */,
				D523D9B22AB9F1E089BDE196 /* LLMessengerTests */,
			);
		};
/* End PBXProject section */

/* Begin PBXSourcesBuildPhase section */
		6F6C055064F81B38E9D098B0 /* Sources */ = {
			isa = PBXSourcesBuildPhase;
			buildActionMask = 2147483647;
			files = (
				57A0A183DA4F04B687597823 /* AnthropicClient.swift in Sources */,
				5D6362E0E7358191E879A9FC /* AppDatabase.swift in Sources */,
				44401121145FDD4E5FDFB90A /* AppDelegate.swift in Sources */,
				ED58A99EF4403B466D24E7FF /* Brief.swift in Sources */,
				FB19EB3855A919C4B8DCB7C4 /* BriefEngine.swift in Sources */,
				ADE6785F10D5F0FB2A55C6C6 /* BriefRepository.swift in Sources */,
				D3E2D898475FF1A5557529FB /* KeychainStore.swift in Sources */,
				671F4C04C5BC9ABC8ED70514 /* LLMClient.swift in Sources */,
				6FD560709B01F26879B0C14C /* LLMProvider.swift in Sources */,
				DE0C17AEBEECDE55B14BD784 /* LLMessengerApp.swift in Sources */,
				F465FA960D540D9CFB44E578 /* MemoryCompressor.swift in Sources */,
				2A8C3511868F93C5A6FF7D43 /* MenuBarController.swift in Sources */,
				A487772BFE11B21472DAB15E /* Message.swift in Sources */,
				8F6E46E1E8A362D1B0918AE5 /* MessengerAdapter.swift in Sources */,
				2608EF8CE0CD660F8AA89425 /* OllamaClient.swift in Sources */,
				7A1C42ABBA573144C4FF9C7F /* OpenAIClient.swift in Sources */,
				EBF9D849F71DA7874D3F96DD /* PollEngine.swift in Sources */,
				34ACCAF6781DDF51A663A56F /* PromptBuilder.swift in Sources */,
				8E423AD6AE474E3E9FCB31FF /* ReplyDraftView.swift in Sources */,
				00AC35B3952246009C73E164 /* SettingsRepository.swift in Sources */,
				DF3D126AF89C467A82B54807 /* SettingsView.swift in Sources */,
				C90BC46FE4F34E4DAE71ACF4 /* LLMSettingsTab.swift in Sources */,
				716164422C7A4995AE8BD89D /* ServiceSettingsTab.swift in Sources */,
				F4A203E914BDB2F60BF276E4 /* ServiceConfig.swift in Sources */,
				2A11383BA014D49F2D898CA7 /* ServiceHealth.swift in Sources */,
				EAB0DE7548B574521670DA15 /* SubprocessAdapter.swift in Sources */,
				97D7803AB1F64CE289D20D48 /* ThreadView.swift in Sources */,
				FA2E635F668D4F769811D331 /* AppState.swift in Sources */,
				780BBF4FC5424720AA63F386 /* ChatViewModel.swift in Sources */,
				5602AECAAC88401D834A72BC /* ChatWindowController.swift in Sources */,
				053C1E457AC2428FAD5F96C0 /* ContentView.swift in Sources */,
				C43F9068E8FE4272BFB8833A /* BriefListView.swift in Sources */,
				9B1CC80B4FD1468BADC78A1A /* BriefHeaderView.swift in Sources */,
				CFD4606B82664039A562706C /* ChatPanelView.swift in Sources */,
				351E7826CA15405396A2EBB2 /* MessageBubbleView.swift in Sources */,
				2B1F5C6A04D64AD68885C051 /* AssistantResponseView.swift in Sources */,
				D1F953A8E249428C89CB5F03 /* ChatInputView.swift in Sources */,
				BB100001BB100001BB100001 /* NotificationManager.swift in Sources */,
				CC200001CC200001CC200001 /* SignalCLIAdapter.swift in Sources */,
				DD300001DD300001DD300001 /* AutoLaunchManager.swift in Sources */,
			);
			runOnlyForDeploymentPostprocessing = 0;
		};
		8128A7E938B5C448E1429C75 /* Sources */ = {
			isa = PBXSourcesBuildPhase;
			buildActionMask = 2147483647;
			files = (
				5D699EFC3B5C38ED70CDAE9D /* AppDatabaseTests.swift in Sources */,
				EE89AE6498BD42DB97AC789C /* AppStateTests.swift in Sources */,
				89D9474481B146BB8EFB761C /* BriefEngineTests.swift in Sources */,
				BEEE37989C2A49DFBA75E033 /* ChatViewModelTests.swift in Sources */,
				F7E8E67C6F40485DA31716CB /* SettingsRepositoryTests.swift in Sources */,
				BB100003BB100003BB100003 /* NotificationManagerTests.swift in Sources */,
				CC200003CC200003CC200003 /* SignalCLIAdapterTests.swift in Sources */,
				DD300003DD300003DD300003 /* AutoLaunchManagerTests.swift in Sources */,
				74A17FE1D2ED74716D433271 /* BriefRepositoryTests.swift in Sources */,
				2528022DB189F9F99041972C /* KeychainStoreTests.swift in Sources */,
				E2C8F8B6CA8E66B74B528FB1 /* LLMClientTypesTests.swift in Sources */,
				E76EA4B470CC880F2800F3F3 /* LLMProviderTests.swift in Sources */,
				7B7A3506F3DF564A1595A4A8 /* LLMessengerTests.swift in Sources */,
				AEC6BDAAE9B2D3A6348B68CB /* MemoryCompressorTests.swift in Sources */,
				570A01C0F98874233CA618A5 /* MessengerAdapterTypesTests.swift in Sources */,
				99DF7C943776ACA97E3BEBFE /* PollEngineTests.swift in Sources */,
				31E46F341085D08259EC4962 /* PromptBuilderTests.swift in Sources */,
				0AA8FC1D3F625AABF5777C9F /* SubprocessAdapterTests.swift in Sources */,
			);
			runOnlyForDeploymentPostprocessing = 0;
		};
/* End PBXSourcesBuildPhase section */

/* Begin PBXTargetDependency section */
		13453B954EFF59E32FB67AFD /* PBXTargetDependency */ = {
			isa = PBXTargetDependency;
			target = D8C18878128686BDD36ED483 /* LLMessenger */;
			targetProxy = F164A1C73904287415EDFF17 /* PBXContainerItemProxy */;
		};
/* End PBXTargetDependency section */

/* Begin XCBuildConfiguration section */
		02A416D4CD2CF079F2D4FBB4 /* Debug */ = {
			isa = XCBuildConfiguration;
			buildSettings = {
				ASSETCATALOG_COMPILER_APPICON_NAME = AppIcon;
				COMBINE_HIDPI_IMAGES = YES;
				INFOPLIST_FILE = LLMessenger/Info.plist;
				LD_RUNPATH_SEARCH_PATHS = (
					"$(inherited)",
					"@executable_path/../Frameworks",
				);
				MACOSX_DEPLOYMENT_TARGET = 13.0;
				PRODUCT_BUNDLE_IDENTIFIER = com.llmessenger.app;
				SDKROOT = macosx;
				SWIFT_VERSION = 5.9;
			};
			name = Debug;
		};
		2E591F30726EE2615D9A57F1 /* Debug */ = {
			isa = XCBuildConfiguration;
			buildSettings = {
				ALWAYS_SEARCH_USER_PATHS = NO;
				CLANG_ANALYZER_NONNULL = YES;
				CLANG_ANALYZER_NUMBER_OBJECT_CONVERSION = YES_AGGRESSIVE;
				CLANG_CXX_LANGUAGE_STANDARD = "gnu++14";
				CLANG_CXX_LIBRARY = "libc++";
				CLANG_ENABLE_MODULES = YES;
				CLANG_ENABLE_OBJC_ARC = YES;
				CLANG_ENABLE_OBJC_WEAK = YES;
				CLANG_WARN_BLOCK_CAPTURE_AUTORELEASING = YES;
				CLANG_WARN_BOOL_CONVERSION = YES;
				CLANG_WARN_COMMA = YES;
				CLANG_WARN_CONSTANT_CONVERSION = YES;
				CLANG_WARN_DEPRECATED_OBJC_IMPLEMENTATIONS = YES;
				CLANG_WARN_DIRECT_OBJC_ISA_USAGE = YES_ERROR;
				CLANG_WARN_DOCUMENTATION_COMMENTS = YES;
				CLANG_WARN_EMPTY_BODY = YES;
				CLANG_WARN_ENUM_CONVERSION = YES;
				CLANG_WARN_INFINITE_RECURSION = YES;
				CLANG_WARN_INT_CONVERSION = YES;
				CLANG_WARN_NON_LITERAL_NULL_CONVERSION = YES;
				CLANG_WARN_OBJC_IMPLICIT_RETAIN_SELF = YES;
				CLANG_WARN_OBJC_LITERAL_CONVERSION = YES;
				CLANG_WARN_OBJC_ROOT_CLASS = YES_ERROR;
				CLANG_WARN_QUOTED_INCLUDE_IN_FRAMEWORK_HEADER = YES;
				CLANG_WARN_RANGE_LOOP_ANALYSIS = YES;
				CLANG_WARN_STRICT_PROTOTYPES = YES;
				CLANG_WARN_SUSPICIOUS_MOVE = YES;
				CLANG_WARN_UNGUARDED_AVAILABILITY = YES_AGGRESSIVE;
				CLANG_WARN_UNREACHABLE_CODE = YES;
				CLANG_WARN__DUPLICATE_METHOD_MATCH = YES;
				COPY_PHASE_STRIP = NO;
				DEBUG_INFORMATION_FORMAT = dwarf;
				ENABLE_STRICT_OBJC_MSGSEND = YES;
				ENABLE_TESTABILITY = YES;
				GCC_C_LANGUAGE_STANDARD = gnu11;
				GCC_DYNAMIC_NO_PIC = NO;
				GCC_NO_COMMON_BLOCKS = YES;
				GCC_OPTIMIZATION_LEVEL = 0;
				GCC_PREPROCESSOR_DEFINITIONS = (
					"$(inherited)",
					"DEBUG=1",
				);
				GCC_WARN_64_TO_32_BIT_CONVERSION = YES;
				GCC_WARN_ABOUT_RETURN_TYPE = YES_ERROR;
				GCC_WARN_UNDECLARED_SELECTOR = YES;
				GCC_WARN_UNINITIALIZED_AUTOS = YES_AGGRESSIVE;
				GCC_WARN_UNUSED_FUNCTION = YES;
				GCC_WARN_UNUSED_VARIABLE = YES;
				MACOSX_DEPLOYMENT_TARGET = 13.0;
				MTL_ENABLE_DEBUG_INFO = INCLUDE_SOURCE;
				MTL_FAST_MATH = YES;
				ONLY_ACTIVE_ARCH = YES;
				PRODUCT_NAME = "$(TARGET_NAME)";
				SDKROOT = macosx;
				SWIFT_ACTIVE_COMPILATION_CONDITIONS = DEBUG;
				SWIFT_OPTIMIZATION_LEVEL = "-Onone";
				SWIFT_VERSION = 5.0;
			};
			name = Debug;
		};
		4E2312197A01131D0DE0A6A0 /* Release */ = {
			isa = XCBuildConfiguration;
			buildSettings = {
				ASSETCATALOG_COMPILER_APPICON_NAME = AppIcon;
				COMBINE_HIDPI_IMAGES = YES;
				INFOPLIST_FILE = LLMessenger/Info.plist;
				LD_RUNPATH_SEARCH_PATHS = (
					"$(inherited)",
					"@executable_path/../Frameworks",
				);
				MACOSX_DEPLOYMENT_TARGET = 13.0;
				PRODUCT_BUNDLE_IDENTIFIER = com.llmessenger.app;
				SDKROOT = macosx;
				SWIFT_VERSION = 5.9;
			};
			name = Release;
		};
		88DBBB8B10A5C7550DE40BAB /* Release */ = {
			isa = XCBuildConfiguration;
			buildSettings = {
				BUNDLE_LOADER = "$(TEST_HOST)";
				COMBINE_HIDPI_IMAGES = YES;
				GENERATE_INFOPLIST_FILE = YES;
				LD_RUNPATH_SEARCH_PATHS = (
					"$(inherited)",
					"@executable_path/../Frameworks",
					"@loader_path/../Frameworks",
				);
				MACOSX_DEPLOYMENT_TARGET = 13.0;
				PRODUCT_BUNDLE_IDENTIFIER = com.llmessenger.LLMessengerTests;
				SDKROOT = macosx;
				SWIFT_VERSION = 5.9;
				TEST_HOST = "$(BUILT_PRODUCTS_DIR)/LLMessenger.app/Contents/MacOS/LLMessenger";
			};
			name = Release;
		};
		B947479FB76C411320AC2664 /* Release */ = {
			isa = XCBuildConfiguration;
			buildSettings = {
				ALWAYS_SEARCH_USER_PATHS = NO;
				CLANG_ANALYZER_NONNULL = YES;
				CLANG_ANALYZER_NUMBER_OBJECT_CONVERSION = YES_AGGRESSIVE;
				CLANG_CXX_LANGUAGE_STANDARD = "gnu++14";
				CLANG_CXX_LIBRARY = "libc++";
				CLANG_ENABLE_MODULES = YES;
				CLANG_ENABLE_OBJC_ARC = YES;
				CLANG_ENABLE_OBJC_WEAK = YES;
				CLANG_WARN_BLOCK_CAPTURE_AUTORELEASING = YES;
				CLANG_WARN_BOOL_CONVERSION = YES;
				CLANG_WARN_COMMA = YES;
				CLANG_WARN_CONSTANT_CONVERSION = YES;
				CLANG_WARN_DEPRECATED_OBJC_IMPLEMENTATIONS = YES;
				CLANG_WARN_DIRECT_OBJC_ISA_USAGE = YES_ERROR;
				CLANG_WARN_DOCUMENTATION_COMMENTS = YES;
				CLANG_WARN_EMPTY_BODY = YES;
				CLANG_WARN_ENUM_CONVERSION = YES;
				CLANG_WARN_INFINITE_RECURSION = YES;
				CLANG_WARN_INT_CONVERSION = YES;
				CLANG_WARN_NON_LITERAL_NULL_CONVERSION = YES;
				CLANG_WARN_OBJC_IMPLICIT_RETAIN_SELF = YES;
				CLANG_WARN_OBJC_LITERAL_CONVERSION = YES;
				CLANG_WARN_OBJC_ROOT_CLASS = YES_ERROR;
				CLANG_WARN_QUOTED_INCLUDE_IN_FRAMEWORK_HEADER = YES;
				CLANG_WARN_RANGE_LOOP_ANALYSIS = YES;
				CLANG_WARN_STRICT_PROTOTYPES = YES;
				CLANG_WARN_SUSPICIOUS_MOVE = YES;
				CLANG_WARN_UNGUARDED_AVAILABILITY = YES_AGGRESSIVE;
				CLANG_WARN_UNREACHABLE_CODE = YES;
				CLANG_WARN__DUPLICATE_METHOD_MATCH = YES;
				COPY_PHASE_STRIP = NO;
				DEBUG_INFORMATION_FORMAT = "dwarf-with-dsym";
				ENABLE_NS_ASSERTIONS = NO;
				ENABLE_STRICT_OBJC_MSGSEND = YES;
				GCC_C_LANGUAGE_STANDARD = gnu11;
				GCC_NO_COMMON_BLOCKS = YES;
				GCC_WARN_64_TO_32_BIT_CONVERSION = YES;
				GCC_WARN_ABOUT_RETURN_TYPE = YES_ERROR;
				GCC_WARN_UNDECLARED_SELECTOR = YES;
				GCC_WARN_UNINITIALIZED_AUTOS = YES_AGGRESSIVE;
				GCC_WARN_UNUSED_FUNCTION = YES;
				GCC_WARN_UNUSED_VARIABLE = YES;
				MACOSX_DEPLOYMENT_TARGET = 13.0;
				MTL_ENABLE_DEBUG_INFO = NO;
				MTL_FAST_MATH = YES;
				PRODUCT_NAME = "$(TARGET_NAME)";
				SDKROOT = macosx;
				SWIFT_COMPILATION_MODE = wholemodule;
				SWIFT_OPTIMIZATION_LEVEL = "-O";
				SWIFT_VERSION = 5.0;
			};
			name = Release;
		};
		D3B499D7366FFD0D38F2FDC7 /* Debug */ = {
			isa = XCBuildConfiguration;
			buildSettings = {
				BUNDLE_LOADER = "$(TEST_HOST)";
				COMBINE_HIDPI_IMAGES = YES;
				GENERATE_INFOPLIST_FILE = YES;
				LD_RUNPATH_SEARCH_PATHS = (
					"$(inherited)",
					"@executable_path/../Frameworks",
					"@loader_path/../Frameworks",
				);
				MACOSX_DEPLOYMENT_TARGET = 13.0;
				PRODUCT_BUNDLE_IDENTIFIER = com.llmessenger.LLMessengerTests;
				SDKROOT = macosx;
				SWIFT_VERSION = 5.9;
				TEST_HOST = "$(BUILT_PRODUCTS_DIR)/LLMessenger.app/Contents/MacOS/LLMessenger";
			};
			name = Debug;
		};
/* End XCBuildConfiguration section */

/* Begin XCConfigurationList section */
		00D8C7C96EC5F2820B4C6050 /* Build configuration list for PBXNativeTarget "LLMessenger" */ = {
			isa = XCConfigurationList;
			buildConfigurations = (
				02A416D4CD2CF079F2D4FBB4 /* Debug */,
				4E2312197A01131D0DE0A6A0 /* Release */,
			);
			defaultConfigurationIsVisible = 0;
			defaultConfigurationName = Debug;
		};
		27A2941F5CDB25CACACF9A6F /* Build configuration list for PBXProject "LLMessenger" */ = {
			isa = XCConfigurationList;
			buildConfigurations = (
				2E591F30726EE2615D9A57F1 /* Debug */,
				B947479FB76C411320AC2664 /* Release */,
			);
			defaultConfigurationIsVisible = 0;
			defaultConfigurationName = Debug;
		};
		5A4490C174AE35CC292D8FD4 /* Build configuration list for PBXNativeTarget "LLMessengerTests" */ = {
			isa = XCConfigurationList;
			buildConfigurations = (
				D3B499D7366FFD0D38F2FDC7 /* Debug */,
				88DBBB8B10A5C7550DE40BAB /* Release */,
			);
			defaultConfigurationIsVisible = 0;
			defaultConfigurationName = Debug;
		};
/* End XCConfigurationList section */

/* Begin XCRemoteSwiftPackageReference section */
		DE66926FA3D5C06EA2B25CC3 /* XCRemoteSwiftPackageReference "GRDB.swift" */ = {
			isa = XCRemoteSwiftPackageReference;
			repositoryURL = "https://github.com/groue/GRDB.swift";
			requirement = {
				kind = upToNextMajorVersion;
				minimumVersion = 6.0.0;
			};
		};
/* End XCRemoteSwiftPackageReference section */

/* Begin XCSwiftPackageProductDependency section */
		053BC1D531581B41EE1FF9FC /* GRDB */ = {
			isa = XCSwiftPackageProductDependency;
			package = DE66926FA3D5C06EA2B25CC3 /* XCRemoteSwiftPackageReference "GRDB.swift" */;
			productName = GRDB;
		};
		D2A719FBD90D2E75C687F20F /* GRDB */ = {
			isa = XCSwiftPackageProductDependency;
			package = DE66926FA3D5C06EA2B25CC3 /* XCRemoteSwiftPackageReference "GRDB.swift" */;
			productName = GRDB;
		};
/* End XCSwiftPackageProductDependency section */
	};
	rootObject = 0DB035EDC2478694CD4D1658 /* Project object */;
}
