// !$*UTF8*$!
{
	archiveVersion = 1;
	classes = {
	};
	objectVersion = 77;
	objects = {

/* Begin PBXBuildFile section */
		051BE19FFE796E11D9312A4E /* DeepIntegrationTests.swift in Sources */ = {isa = PBXBuildFile; fileRef = 276519F649E84201C4C1D365 /* DeepIntegrationTests.swift */; };
		0A29CB4614513C5DD5552425 /* AppStateTests.swift in Sources */ = {isa = PBXBuildFile; fileRef = A5153C5FA624AF8042F72A30 /* AppStateTests.swift */; };
		0AA8FC1D3F625AABF5777C9F /* SubprocessAdapterTests.swift in Sources */ = {isa = PBXBuildFile; fileRef = D2154C9B35956879197B12AC /* SubprocessAdapterTests.swift */; };
		10FDEC3A7ECBB49B4D3812E1 /* PinBriefTests.swift in Sources */ = {isa = PBXBuildFile; fileRef = 7D0942C43F58EB4A94C42A00 /* PinBriefTests.swift */; };
		12A2A2099247A96860DD28E5 /* SearchTests.swift in Sources */ = {isa = PBXBuildFile; fileRef = D375CCA30EA1A7BE26C8F209 /* SearchTests.swift */; };
		16185B63A14D0F999957555B /* PollEngineReloadTests.swift in Sources */ = {isa = PBXBuildFile; fileRef = 7A76DCD8E2690E5C02F66389 /* PollEngineReloadTests.swift */; };
		1B0047A6CC4EC78192C7D255 /* AssistantResponseView.swift in Sources */ = {isa = PBXBuildFile; fileRef = 3154370024E6D2FFA5B0FE62 /* AssistantResponseView.swift */; };
		1F3AF9DCA45D658915781028 /* LLMSettingsTab.swift in Sources */ = {isa = PBXBuildFile; fileRef = 44D6788AD581D62FE11B99E8 /* LLMSettingsTab.swift */; };
		237D39CA190899E3F771F2DA /* ChatWindowController.swift in Sources */ = {isa = PBXBuildFile; fileRef = 2415F8132629B43CC77A08F8 /* ChatWindowController.swift */; };
		2528022DB189F9F99041972C /* KeychainStoreTests.swift in Sources */ = {isa = PBXBuildFile; fileRef = 97C7886911F46E51E0EE1B2B /* KeychainStoreTests.swift */; };
		2608EF8CE0CD660F8AA89425 /* OllamaClient.swift in Sources */ = {isa = PBXBuildFile; fileRef = 01F6073CF328ABEC81E9A9E2 /* OllamaClient.swift */; };
		2837CF2B8EB456AA3092F0D4 /* BriefJSON.swift in Sources */ = {isa = PBXBuildFile; fileRef = 96A56457C4FC6C6DF1500A11 /* BriefJSON.swift */; };
		290249C7A1968FD41288ACAA /* PipelineScenarioTests.swift in Sources */ = {isa = PBXBuildFile; fileRef = EABDD8EAF1C1562B49DD442C /* PipelineScenarioTests.swift */; };
		2A0BCA89102778B9B01286A4 /* ChatPanelView.swift in Sources */ = {isa = PBXBuildFile; fileRef = B0E3E5C7F80F5E5EACF5E3E9 /* ChatPanelView.swift */; };
		2A11383BA014D49F2D898CA7 /* ServiceHealth.swift in Sources */ = {isa = PBXBuildFile; fileRef = 0B01BD5888FD90D28050A644 /* ServiceHealth.swift */; };
		2A8C3511868F93C5A6FF7D43 /* MenuBarController.swift in Sources */ = {isa = PBXBuildFile; fileRef = A7984BAF95D16BC6C2BF8FC4 /* MenuBarController.swift */; };
		2EFA151ECCBBC3B53FD73792 /* ComponentContractTests.swift in Sources */ = {isa = PBXBuildFile; fileRef = 76800B61B4615653CD1A1140 /* ComponentContractTests.swift */; };
		2FA9A9CE602BE2F90A1FC1A8 /* ReplyDraftView.swift in Sources */ = {isa = PBXBuildFile; fileRef = C20CEA789D8047744320CFBF /* ReplyDraftView.swift */; };
		31E46F341085D08259EC4962 /* PromptBuilderTests.swift in Sources */ = {isa = PBXBuildFile; fileRef = EE76AF586A612F980FC97D19 /* PromptBuilderTests.swift */; };
		34ACCAF6781DDF51A663A56F /* PromptBuilder.swift in Sources */ = {isa = PBXBuildFile; fileRef = 76E282A1175D7AE8E61BA9E1 /* PromptBuilder.swift */; };
		362A008262AA38403555B958 /* InstructionsSettingsTab.swift in Sources */ = {isa = PBXBuildFile; fileRef = EBD22DF77EE0F38928663192 /* InstructionsSettingsTab.swift */; };
		396B16C71848A738B4564FBE /* BriefCardSource.swift in Sources */ = {isa = PBXBuildFile; fileRef = 5B7AAA3D7B964F21F64A8D29 /* BriefCardSource.swift */; };
		3CD5F5A70910F91189DA2D0B /* PollEngineCycleTests.swift in Sources */ = {isa = PBXBuildFile; fileRef = 749BBC4D526298A26ACEFABB /* PollEngineCycleTests.swift */; };
		3E22F31FF9FE520E6770954B /* BriefJSONTests.swift in Sources */ = {isa = PBXBuildFile; fileRef = C581342159C8F31C26BDE07C /* BriefJSONTests.swift */; };
		40B16522FD6D885CF5BA5741 /* Theme.swift in Sources */ = {isa = PBXBuildFile; fileRef = 47B676DE198355D9388A6399 /* Theme.swift */; };
		42A2A32E450140617994E17E /* OllamaModelPicker.swift in Sources */ = {isa = PBXBuildFile; fileRef = 6BC6FDFCFADDCEE5A74B7FB0 /* OllamaModelPicker.swift */; };
		44401121145FDD4E5FDFB90A /* AppDelegate.swift in Sources */ = {isa = PBXBuildFile; fileRef = 7C0BEF5D9A652729F4FA11F4 /* AppDelegate.swift */; };
		478DEBF976DFFFF26DB08556 /* SettingsView.swift in Sources */ = {isa = PBXBuildFile; fileRef = E310D3698200C661D0937036 /* SettingsView.swift */; };
		502774F71461059F83BA8C05 /* SettingsRepositoryTests.swift in Sources */ = {isa = PBXBuildFile; fileRef = 309F6600675F13496583B3AA /* SettingsRepositoryTests.swift */; };
		506E010AE6C91F8A4476F492 /* InstrumentationManager.swift in Sources */ = {isa = PBXBuildFile; fileRef = C809F386CA25C62428FFF6DF /* InstrumentationManager.swift */; };
		55D5BEFF888909CDB585F8F2 /* DeepValidationTests.swift in Sources */ = {isa = PBXBuildFile; fileRef = D8C2EEA87E1CE3CFC017BF0B /* DeepValidationTests.swift */; };
		570A01C0F98874233CA618A5 /* MessengerAdapterTypesTests.swift in Sources */ = {isa = PBXBuildFile; fileRef = FEF50F53B4EA1FE342BC9519 /* MessengerAdapterTypesTests.swift */; };
		57A0A183DA4F04B687597823 /* AnthropicClient.swift in Sources */ = {isa = PBXBuildFile; fileRef = 5505C31BEA21DA121B801309 /* AnthropicClient.swift */; };
		5A7F8A5FF820AE804CFC2BEC /* BriefProseView.swift in Sources */ = {isa = PBXBuildFile; fileRef = D2E743B88282AE993C10C526 /* BriefProseView.swift */; };
		5D6362E0E7358191E879A9FC /* AppDatabase.swift in Sources */ = {isa = PBXBuildFile; fileRef = F108F4654D64EC797F01A083 /* AppDatabase.swift */; };
		5D699EFC3B5C38ED70CDAE9D /* AppDatabaseTests.swift in Sources */ = {isa = PBXBuildFile; fileRef = 982FB6E746994CADC872ABF9 /* AppDatabaseTests.swift */; };
		5F54EE7EAB1F99DEE6B0AC0E /* NotificationManagerTests.swift in Sources */ = {isa = PBXBuildFile; fileRef = 330592143EFDC8AF2BC51E83 /* NotificationManagerTests.swift */; };
		6515871374A6975B0B2432DF /* SettingsWindowController.swift in Sources */ = {isa = PBXBuildFile; fileRef = 874EAADE41BC00D431B7655A /* SettingsWindowController.swift */; };
		6590441FCAED6F40B1C1E6A9 /* SystemInvariantTests.swift in Sources */ = {isa = PBXBuildFile; fileRef = F27CBD218CE0D49903AC0ECE /* SystemInvariantTests.swift */; };
		671F4C04C5BC9ABC8ED70514 /* LLMClient.swift in Sources */ = {isa = PBXBuildFile; fileRef = F2480065C366A43445195D28 /* LLMClient.swift */; };
		68558FFF6748D2321631327B /* GRDB in Frameworks */ = {isa = PBXBuildFile; productRef = D2A719FBD90D2E75C687F20F /* GRDB */; };
		6AA8C3866C3D66763E25B60A /* MediaPanelView.swift in Sources */ = {isa = PBXBuildFile; fileRef = DFC689A6D5F7D05E452154B4 /* MediaPanelView.swift */; };
		6FD560709B01F26879B0C14C /* LLMProvider.swift in Sources */ = {isa = PBXBuildFile; fileRef = 09D44892CD851C4994CEA012 /* LLMProvider.swift */; };
		7177450F9E2D6DC65A094DA5 /* LLMRunRecord.swift in Sources */ = {isa = PBXBuildFile; fileRef = 7C8397AA9C0E4BF6BE370EB9 /* LLMRunRecord.swift */; };
		732196ED36CB2969112FCCB1 /* BriefEngineHistoryTests.swift in Sources */ = {isa = PBXBuildFile; fileRef = B748E0A7F24D6131687A769E /* BriefEngineHistoryTests.swift */; };
		7485667FD9BB75A498987D0F /* TelegramSignInView.swift in Sources */ = {isa = PBXBuildFile; fileRef = 173C28CE4F72A153E9132291 /* TelegramSignInView.swift */; };
		74A17FE1D2ED74716D433271 /* BriefRepositoryTests.swift in Sources */ = {isa = PBXBuildFile; fileRef = 9B1929271EECAE78EB924D9C /* BriefRepositoryTests.swift */; };
		7A1C42ABBA573144C4FF9C7F /* OpenAIClient.swift in Sources */ = {isa = PBXBuildFile; fileRef = 14DE9B36EDDE0DDEA40BC7DB /* OpenAIClient.swift */; };
		7B7A3506F3DF564A1595A4A8 /* LLMessengerTests.swift in Sources */ = {isa = PBXBuildFile; fileRef = 04AD6FE9081C8C6745F970B3 /* LLMessengerTests.swift */; };
		85D75B32679B8196954EE50E /* NotificationManager.swift in Sources */ = {isa = PBXBuildFile; fileRef = 3C06B210F56BF4ED8F4EDD76 /* NotificationManager.swift */; };
		89D9474481B146BB8EFB761C /* BriefEngineTests.swift in Sources */ = {isa = PBXBuildFile; fileRef = 306739C4ABE143E1957D677D /* BriefEngineTests.swift */; };
		8F6E46E1E8A362D1B0918AE5 /* MessengerAdapter.swift in Sources */ = {isa = PBXBuildFile; fileRef = 999DA7D70BF17E8C58A82F39 /* MessengerAdapter.swift */; };
		8F6EFC69ED3C075B0263B502 /* AdversarialResponseTests.swift in Sources */ = {isa = PBXBuildFile; fileRef = 2001BAFBE6E8EB71D5EEDEAB /* AdversarialResponseTests.swift */; };
		94D87E437489209C34A52596 /* ChatViewModel.swift in Sources */ = {isa = PBXBuildFile; fileRef = 4AD49D8511186D6C7D97DCE1 /* ChatViewModel.swift */; };
		95A2593B4891EC65019E1568 /* SignalCLIAdapter.swift in Sources */ = {isa = PBXBuildFile; fileRef = FB4B8C1E7C4BDF5C7E5490F0 /* SignalCLIAdapter.swift */; };
		99DF7C943776ACA97E3BEBFE /* PollEngineTests.swift in Sources */ = {isa = PBXBuildFile; fileRef = 5BD35DAA3149EDABD48268EB /* PollEngineTests.swift */; };
		9B30345F5A5A20571E4BE12D /* AboutSettingsTab.swift in Sources */ = {isa = PBXBuildFile; fileRef = 792419D090E0BA27E26988ED /* AboutSettingsTab.swift */; };
		9EE7E570AFCD297587F3DE25 /* ChatViewModelStateTests.swift in Sources */ = {isa = PBXBuildFile; fileRef = 39B862ED2D01355C54C9F7F9 /* ChatViewModelStateTests.swift */; };
		9F38EF9EC39BCDDA18E567C9 /* BackendWorkflowE2ETests.swift in Sources */ = {isa = PBXBuildFile; fileRef = C8B86E6E485D934BB3558CD3 /* BackendWorkflowE2ETests.swift */; };
		A0DE7BCCB584415E32B6B38A /* SettingsRepository.swift in Sources */ = {isa = PBXBuildFile; fileRef = 37E8FE3B928D05E300F53453 /* SettingsRepository.swift */; };
		A487772BFE11B21472DAB15E /* Message.swift in Sources */ = {isa = PBXBuildFile; fileRef = 4DF82DF450F3BE04F68ACE24 /* Message.swift */; };
		A4888E40CE69CDE1673C16D6 /* ChatInputView.swift in Sources */ = {isa = PBXBuildFile; fileRef = 98C662F360723B5576ACCA35 /* ChatInputView.swift */; };
		A4AAEAA892F516B7F9D4B3B7 /* ThreadView.swift in Sources */ = {isa = PBXBuildFile; fileRef = 4A14FF85C448907397AC9412 /* ThreadView.swift */; };
		A7678C24739CB1709B5418C1 /* DatabaseIntegrityTests.swift in Sources */ = {isa = PBXBuildFile; fileRef = 4DEDA8ED7C4E649DCBD9BEE7 /* DatabaseIntegrityTests.swift */; };
		AA6E78AED377D90FC3EBAA02 /* AutoLaunchManagerTests.swift in Sources */ = {isa = PBXBuildFile; fileRef = FD6470BF1FD4618456E18C6D /* AutoLaunchManagerTests.swift */; };
		ACD272260C85A265D50055A1 /* ServiceSettingsTab.swift in Sources */ = {isa = PBXBuildFile; fileRef = DF6366D0E1F8A72B71A9F530 /* ServiceSettingsTab.swift */; };
		ADE6785F10D5F0FB2A55C6C6 /* BriefRepository.swift in Sources */ = {isa = PBXBuildFile; fileRef = 1878E2B6A35CE54B6CB50CE5 /* BriefRepository.swift */; };
		AE1F3B8A38C350D22D81407E /* OnboardingWindowController.swift in Sources */ = {isa = PBXBuildFile; fileRef = 1C1B7A7D24D3AF2FF2E6FC84 /* OnboardingWindowController.swift */; };
		AEC6BDAAE9B2D3A6348B68CB /* MemoryCompressorTests.swift in Sources */ = {isa = PBXBuildFile; fileRef = 0035F3076DFE68F7CFF2F8BF /* MemoryCompressorTests.swift */; };
		AF6BE9979D35F02876AF59D8 /* AutoLaunchManager.swift in Sources */ = {isa = PBXBuildFile; fileRef = 806576F921F0C0A99AB00DC3 /* AutoLaunchManager.swift */; };
		B3CF5BF36060C33F25099D53 /* ChatViewModelTests.swift in Sources */ = {isa = PBXBuildFile; fileRef = 47B8A33ADE90F0EC79A61D4D /* ChatViewModelTests.swift */; };
		B47F50B3DD0A86EE369C8549 /* BriefListView.swift in Sources */ = {isa = PBXBuildFile; fileRef = 17E2FC6E580C483A5220F007 /* BriefListView.swift */; };
		B93451BF2E596033EE00C54C /* BriefCardRecord.swift in Sources */ = {isa = PBXBuildFile; fileRef = 1551568E73E6646226FE66C3 /* BriefCardRecord.swift */; };
		BAB6F302E2FD6409D2BEEAA5 /* BriefRepositoryExtendedTests.swift in Sources */ = {isa = PBXBuildFile; fileRef = 6D17C2D5EC8848327EDBE6B1 /* BriefRepositoryExtendedTests.swift */; };
		BCFC2235AC318EA2A9019F83 /* ConversationStateTests.swift in Sources */ = {isa = PBXBuildFile; fileRef = 95C2ACF68692E965BA4055BA /* ConversationStateTests.swift */; };
		C347F8AD719ED5819B0D3D09 /* AppState.swift in Sources */ = {isa = PBXBuildFile; fileRef = EBC9C795B6AF02F77D298ED7 /* AppState.swift */; };
		C64A51B8478050E8D749A2D1 /* PromptRegressionTests.swift in Sources */ = {isa = PBXBuildFile; fileRef = D585C9E79CE6C3373CBFD739 /* PromptRegressionTests.swift */; };
		C6E78A674132D16A32E143B9 /* ContentView.swift in Sources */ = {isa = PBXBuildFile; fileRef = 96FD9BD1839DC30E92065C7E /* ContentView.swift */; };
		CDC3A3BE61AF399A26C898AD /* SearchResultsView.swift in Sources */ = {isa = PBXBuildFile; fileRef = 34BAACF8C7BC99014F710229 /* SearchResultsView.swift */; };
		D09A7CAA48767CB5A4547E12 /* ChatViewModelSendTests.swift in Sources */ = {isa = PBXBuildFile; fileRef = 0761450986849BBC1F441151 /* ChatViewModelSendTests.swift */; };
		D2E04218C7BB48081762903B /* FrontendRobustnessTests.swift in Sources */ = {isa = PBXBuildFile; fileRef = 66D9CFBB9722856E912EABC7 /* FrontendRobustnessTests.swift */; };
		D3E2D898475FF1A5557529FB /* KeychainStore.swift in Sources */ = {isa = PBXBuildFile; fileRef = DD7132694084B04D0191F7CC /* KeychainStore.swift */; };
		D49BA4B9E524B043E9C52A22 /* ConversationState.swift in Sources */ = {isa = PBXBuildFile; fileRef = 764C95853B55B31A7FDBCA54 /* ConversationState.swift */; };
		D609CAF8C4BC8524218E0A75 /* OllamaClientTests.swift in Sources */ = {isa = PBXBuildFile; fileRef = 62EF6B3B6345490B504E7D0C /* OllamaClientTests.swift */; };
		DE0C17AEBEECDE55B14BD784 /* LLMessengerApp.swift in Sources */ = {isa = PBXBuildFile; fileRef = E3EB5DE5DDEE98CA023C438D /* LLMessengerApp.swift */; };
		E1FD0D71E3234B0DD4210B14 /* MessageBubbleView.swift in Sources */ = {isa = PBXBuildFile; fileRef = 700C9AE93DA56553E631CE85 /* MessageBubbleView.swift */; };
		E2C8F8B6CA8E66B74B528FB1 /* LLMClientTypesTests.swift in Sources */ = {isa = PBXBuildFile; fileRef = E0E83C3D7F5BA8B73D9EF54F /* LLMClientTypesTests.swift */; };
		E76EA4B470CC880F2800F3F3 /* LLMProviderTests.swift in Sources */ = {isa = PBXBuildFile; fileRef = 81F98163F2B0DC06E29DF2EB /* LLMProviderTests.swift */; };
		EAB0DE7548B574521670DA15 /* SubprocessAdapter.swift in Sources */ = {isa = PBXBuildFile; fileRef = 08F728AD5C60C25170C49606 /* SubprocessAdapter.swift */; };
		EBF9D849F71DA7874D3F96DD /* PollEngine.swift in Sources */ = {isa = PBXBuildFile; fileRef = 91DCC83C90E2B73383588FD1 /* PollEngine.swift */; };
		ED026EB71E8074D35FCC0477 /* GRDB in Frameworks */ = {isa = PBXBuildFile; productRef = 053BC1D531581B41EE1FF9FC /* GRDB */; };
		ED58A99EF4403B466D24E7FF /* Brief.swift in Sources */ = {isa = PBXBuildFile; fileRef = 3982B388A984024FBEEA9C82 /* Brief.swift */; };
		EE574346F9B9265CA3795AB7 /* SignalCLIAdapterTests.swift in Sources */ = {isa = PBXBuildFile; fileRef = 3CEF84891E1C875158D7F4B4 /* SignalCLIAdapterTests.swift */; };
		F28C2071A135A89B176AFC29 /* MessageSearchResult.swift in Sources */ = {isa = PBXBuildFile; fileRef = 3083103C313177E5561AF1A6 /* MessageSearchResult.swift */; };
		F37C2D2EABCEB3FA7BF41E5D /* iMessageAdapter.swift in Sources */ = {isa = PBXBuildFile; fileRef = 5F1ADA68A6D2F9D76588BF7A /* iMessageAdapter.swift */; };
		F465FA960D540D9CFB44E578 /* MemoryCompressor.swift in Sources */ = {isa = PBXBuildFile; fileRef = 8EECDFBE48FD81655E32558B /* MemoryCompressor.swift */; };
		F4A203E914BDB2F60BF276E4 /* ServiceConfig.swift in Sources */ = {isa = PBXBuildFile; fileRef = 3DB2F4FDD502C4B9477B9BCE /* ServiceConfig.swift */; };
		FAF9F38106756444BDB2FAAA /* BriefHeaderView.swift in Sources */ = {isa = PBXBuildFile; fileRef = 758A1B093F09B6DE98D3613C /* BriefHeaderView.swift */; };
		FB19EB3855A919C4B8DCB7C4 /* BriefEngine.swift in Sources */ = {isa = PBXBuildFile; fileRef = CC762565E52A3E618204CC24 /* BriefEngine.swift */; };
/* End PBXBuildFile section */

/* Begin PBXContainerItemProxy section */
		F164A1C73904287415EDFF17 /* PBXContainerItemProxy */ = {
			isa = PBXContainerItemProxy;
			containerPortal = 0DB035EDC2478694CD4D1658 /* Project object */;
			proxyType = 1;
			remoteGlobalIDString = D8C18878128686BDD36ED483;
			remoteInfo = LLMessenger;
		};
/* End PBXContainerItemProxy section */

/* Begin PBXFileReference section */
		0035F3076DFE68F7CFF2F8BF /* MemoryCompressorTests.swift */ = {isa = PBXFileReference; lastKnownFileType = sourcecode.swift; path = MemoryCompressorTests.swift; sourceTree = "<group>"; };
		01F6073CF328ABEC81E9A9E2 /* OllamaClient.swift */ = {isa = PBXFileReference; lastKnownFileType = sourcecode.swift; path = OllamaClient.swift; sourceTree = "<group>"; };
		04AD6FE9081C8C6745F970B3 /* LLMessengerTests.swift */ = {isa = PBXFileReference; lastKnownFileType = sourcecode.swift; path = LLMessengerTests.swift; sourceTree = "<group>"; };
		0761450986849BBC1F441151 /* ChatViewModelSendTests.swift */ = {isa = PBXFileReference; lastKnownFileType = sourcecode.swift; path = ChatViewModelSendTests.swift; sourceTree = "<group>"; };
		077FE5D051B4131476BEDD07 /* LLMessenger.app */ = {isa = PBXFileReference; explicitFileType = wrapper.application; includeInIndex = 0; path = LLMessenger.app; sourceTree = BUILT_PRODUCTS_DIR; };
		08F728AD5C60C25170C49606 /* SubprocessAdapter.swift */ = {isa = PBXFileReference; lastKnownFileType = sourcecode.swift; path = SubprocessAdapter.swift; sourceTree = "<group>"; };
		09D44892CD851C4994CEA012 /* LLMProvider.swift */ = {isa = PBXFileReference; lastKnownFileType = sourcecode.swift; path = LLMProvider.swift; sourceTree = "<group>"; };
		0B01BD5888FD90D28050A644 /* ServiceHealth.swift */ = {isa = PBXFileReference; lastKnownFileType = sourcecode.swift; path = ServiceHealth.swift; sourceTree = "<group>"; };
		14DE9B36EDDE0DDEA40BC7DB /* OpenAIClient.swift */ = {isa = PBXFileReference; lastKnownFileType = sourcecode.swift; path = OpenAIClient.swift; sourceTree = "<group>"; };
		1551568E73E6646226FE66C3 /* BriefCardRecord.swift */ = {isa = PBXFileReference; lastKnownFileType = sourcecode.swift; path = BriefCardRecord.swift; sourceTree = "<group>"; };
		173C28CE4F72A153E9132291 /* TelegramSignInView.swift */ = {isa = PBXFileReference; lastKnownFileType = sourcecode.swift; path = TelegramSignInView.swift; sourceTree = "<group>"; };
		17E2FC6E580C483A5220F007 /* BriefListView.swift */ = {isa = PBXFileReference; lastKnownFileType = sourcecode.swift; path = BriefListView.swift; sourceTree = "<group>"; };
		1878E2B6A35CE54B6CB50CE5 /* BriefRepository.swift */ = {isa = PBXFileReference; lastKnownFileType = sourcecode.swift; path = BriefRepository.swift; sourceTree = "<group>"; };
		1C1B7A7D24D3AF2FF2E6FC84 /* OnboardingWindowController.swift */ = {isa = PBXFileReference; lastKnownFileType = sourcecode.swift; path = OnboardingWindowController.swift; sourceTree = "<group>"; };
		2001BAFBE6E8EB71D5EEDEAB /* AdversarialResponseTests.swift */ = {isa = PBXFileReference; lastKnownFileType = sourcecode.swift; path = AdversarialResponseTests.swift; sourceTree = "<group>"; };
		2415F8132629B43CC77A08F8 /* ChatWindowController.swift */ = {isa = PBXFileReference; lastKnownFileType = sourcecode.swift; path = ChatWindowController.swift; sourceTree = "<group>"; };
		276519F649E84201C4C1D365 /* DeepIntegrationTests.swift */ = {isa = PBXFileReference; lastKnownFileType = sourcecode.swift; path = DeepIntegrationTests.swift; sourceTree = "<group>"; };
		306739C4ABE143E1957D677D /* BriefEngineTests.swift */ = {isa = PBXFileReference; lastKnownFileType = sourcecode.swift; path = BriefEngineTests.swift; sourceTree = "<group>"; };
		3083103C313177E5561AF1A6 /* MessageSearchResult.swift */ = {isa = PBXFileReference; lastKnownFileType = sourcecode.swift; path = MessageSearchResult.swift; sourceTree = "<group>"; };
		309F6600675F13496583B3AA /* SettingsRepositoryTests.swift */ = {isa = PBXFileReference; lastKnownFileType = sourcecode.swift; path = SettingsRepositoryTests.swift; sourceTree = "<group>"; };
		3154370024E6D2FFA5B0FE62 /* AssistantResponseView.swift */ = {isa = PBXFileReference; lastKnownFileType = sourcecode.swift; path = AssistantResponseView.swift; sourceTree = "<group>"; };
		330592143EFDC8AF2BC51E83 /* NotificationManagerTests.swift */ = {isa = PBXFileReference; lastKnownFileType = sourcecode.swift; path = NotificationManagerTests.swift; sourceTree = "<group>"; };
		34BAACF8C7BC99014F710229 /* SearchResultsView.swift */ = {isa = PBXFileReference; lastKnownFileType = sourcecode.swift; path = SearchResultsView.swift; sourceTree = "<group>"; };
		37E8FE3B928D05E300F53453 /* SettingsRepository.swift */ = {isa = PBXFileReference; lastKnownFileType = sourcecode.swift; path = SettingsRepository.swift; sourceTree = "<group>"; };
		3982B388A984024FBEEA9C82 /* Brief.swift */ = {isa = PBXFileReference; lastKnownFileType = sourcecode.swift; path = Brief.swift; sourceTree = "<group>"; };
		39B862ED2D01355C54C9F7F9 /* ChatViewModelStateTests.swift */ = {isa = PBXFileReference; lastKnownFileType = sourcecode.swift; path = ChatViewModelStateTests.swift; sourceTree = "<group>"; };
		3C06B210F56BF4ED8F4EDD76 /* NotificationManager.swift */ = {isa = PBXFileReference; lastKnownFileType = sourcecode.swift; path = NotificationManager.swift; sourceTree = "<group>"; };
		3CEF84891E1C875158D7F4B4 /* SignalCLIAdapterTests.swift */ = {isa = PBXFileReference; lastKnownFileType = sourcecode.swift; path = SignalCLIAdapterTests.swift; sourceTree = "<group>"; };
		3DB2F4FDD502C4B9477B9BCE /* ServiceConfig.swift */ = {isa = PBXFileReference; lastKnownFileType = sourcecode.swift; path = ServiceConfig.swift; sourceTree = "<group>"; };
		44D6788AD581D62FE11B99E8 /* LLMSettingsTab.swift */ = {isa = PBXFileReference; lastKnownFileType = sourcecode.swift; path = LLMSettingsTab.swift; sourceTree = "<group>"; };
		47B676DE198355D9388A6399 /* Theme.swift */ = {isa = PBXFileReference; lastKnownFileType = sourcecode.swift; path = Theme.swift; sourceTree = "<group>"; };
		47B8A33ADE90F0EC79A61D4D /* ChatViewModelTests.swift */ = {isa = PBXFileReference; lastKnownFileType = sourcecode.swift; path = ChatViewModelTests.swift; sourceTree = "<group>"; };
		4A14FF85C448907397AC9412 /* ThreadView.swift */ = {isa = PBXFileReference; lastKnownFileType = sourcecode.swift; path = ThreadView.swift; sourceTree = "<group>"; };
		4AD49D8511186D6C7D97DCE1 /* ChatViewModel.swift */ = {isa = PBXFileReference; lastKnownFileType = sourcecode.swift; path = ChatViewModel.swift; sourceTree = "<group>"; };
		4DEDA8ED7C4E649DCBD9BEE7 /* DatabaseIntegrityTests.swift */ = {isa = PBXFileReference; lastKnownFileType = sourcecode.swift; path = DatabaseIntegrityTests.swift; sourceTree = "<group>"; };
		4DF82DF450F3BE04F68ACE24 /* Message.swift */ = {isa = PBXFileReference; lastKnownFileType = sourcecode.swift; path = Message.swift; sourceTree = "<group>"; };
		5505C31BEA21DA121B801309 /* AnthropicClient.swift */ = {isa = PBXFileReference; lastKnownFileType = sourcecode.swift; path = AnthropicClient.swift; sourceTree = "<group>"; };
		595169617BDF071C68E4B357 /* LLMessenger.entitlements */ = {isa = PBXFileReference; lastKnownFileType = text.plist.entitlements; path = LLMessenger.entitlements; sourceTree = "<group>"; };
		5B7AAA3D7B964F21F64A8D29 /* BriefCardSource.swift */ = {isa = PBXFileReference; lastKnownFileType = sourcecode.swift; path = BriefCardSource.swift; sourceTree = "<group>"; };
		5BD35DAA3149EDABD48268EB /* PollEngineTests.swift */ = {isa = PBXFileReference; lastKnownFileType = sourcecode.swift; path = PollEngineTests.swift; sourceTree = "<group>"; };
		5F1ADA68A6D2F9D76588BF7A /* iMessageAdapter.swift */ = {isa = PBXFileReference; lastKnownFileType = sourcecode.swift; path = iMessageAdapter.swift; sourceTree = "<group>"; };
		62EF6B3B6345490B504E7D0C /* OllamaClientTests.swift */ = {isa = PBXFileReference; lastKnownFileType = sourcecode.swift; path = OllamaClientTests.swift; sourceTree = "<group>"; };
		66D9CFBB9722856E912EABC7 /* FrontendRobustnessTests.swift */ = {isa = PBXFileReference; lastKnownFileType = sourcecode.swift; path = FrontendRobustnessTests.swift; sourceTree = "<group>"; };
		6BC6FDFCFADDCEE5A74B7FB0 /* OllamaModelPicker.swift */ = {isa = PBXFileReference; lastKnownFileType = sourcecode.swift; path = OllamaModelPicker.swift; sourceTree = "<group>"; };
		6D17C2D5EC8848327EDBE6B1 /* BriefRepositoryExtendedTests.swift */ = {isa = PBXFileReference; lastKnownFileType = sourcecode.swift; path = BriefRepositoryExtendedTests.swift; sourceTree = "<group>"; };
		700C9AE93DA56553E631CE85 /* MessageBubbleView.swift */ = {isa = PBXFileReference; lastKnownFileType = sourcecode.swift; path = MessageBubbleView.swift; sourceTree = "<group>"; };
		749BBC4D526298A26ACEFABB /* PollEngineCycleTests.swift */ = {isa = PBXFileReference; lastKnownFileType = sourcecode.swift; path = PollEngineCycleTests.swift; sourceTree = "<group>"; };
		758A1B093F09B6DE98D3613C /* BriefHeaderView.swift */ = {isa = PBXFileReference; lastKnownFileType = sourcecode.swift; path = BriefHeaderView.swift; sourceTree = "<group>"; };
		764C95853B55B31A7FDBCA54 /* ConversationState.swift */ = {isa = PBXFileReference; lastKnownFileType = sourcecode.swift; path = ConversationState.swift; sourceTree = "<group>"; };
		76800B61B4615653CD1A1140 /* ComponentContractTests.swift */ = {isa = PBXFileReference; lastKnownFileType = sourcecode.swift; path = ComponentContractTests.swift; sourceTree = "<group>"; };
		76E282A1175D7AE8E61BA9E1 /* PromptBuilder.swift */ = {isa = PBXFileReference; lastKnownFileType = sourcecode.swift; path = PromptBuilder.swift; sourceTree = "<group>"; };
		792419D090E0BA27E26988ED /* AboutSettingsTab.swift */ = {isa = PBXFileReference; lastKnownFileType = sourcecode.swift; path = AboutSettingsTab.swift; sourceTree = "<group>"; };
		7A76DCD8E2690E5C02F66389 /* PollEngineReloadTests.swift */ = {isa = PBXFileReference; lastKnownFileType = sourcecode.swift; path = PollEngineReloadTests.swift; sourceTree = "<group>"; };
		7C0BEF5D9A652729F4FA11F4 /* AppDelegate.swift */ = {isa = PBXFileReference; lastKnownFileType = sourcecode.swift; path = AppDelegate.swift; sourceTree = "<group>"; };
		7C8397AA9C0E4BF6BE370EB9 /* LLMRunRecord.swift */ = {isa = PBXFileReference; lastKnownFileType = sourcecode.swift; path = LLMRunRecord.swift; sourceTree = "<group>"; };
		7D0942C43F58EB4A94C42A00 /* PinBriefTests.swift */ = {isa = PBXFileReference; lastKnownFileType = sourcecode.swift; path = PinBriefTests.swift; sourceTree = "<group>"; };
		806576F921F0C0A99AB00DC3 /* AutoLaunchManager.swift */ = {isa = PBXFileReference; lastKnownFileType = sourcecode.swift; path = AutoLaunchManager.swift; sourceTree = "<group>"; };
		81F98163F2B0DC06E29DF2EB /* LLMProviderTests.swift */ = {isa = PBXFileReference; lastKnownFileType = sourcecode.swift; path = LLMProviderTests.swift; sourceTree = "<group>"; };
		874EAADE41BC00D431B7655A /* SettingsWindowController.swift */ = {isa = PBXFileReference; lastKnownFileType = sourcecode.swift; path = SettingsWindowController.swift; sourceTree = "<group>"; };
		8EECDFBE48FD81655E32558B /* MemoryCompressor.swift */ = {isa = PBXFileReference; lastKnownFileType = sourcecode.swift; path = MemoryCompressor.swift; sourceTree = "<group>"; };
		91DCC83C90E2B73383588FD1 /* PollEngine.swift */ = {isa = PBXFileReference; lastKnownFileType = sourcecode.swift; path = PollEngine.swift; sourceTree = "<group>"; };
		94378A6C5DDBC9A9A076B97D /* LLMessengerTests.xctest */ = {isa = PBXFileReference; explicitFileType = wrapper.cfbundle; includeInIndex = 0; path = LLMessengerTests.xctest; sourceTree = BUILT_PRODUCTS_DIR; };
		95C2ACF68692E965BA4055BA /* ConversationStateTests.swift */ = {isa = PBXFileReference; lastKnownFileType = sourcecode.swift; path = ConversationStateTests.swift; sourceTree = "<group>"; };
		96A56457C4FC6C6DF1500A11 /* BriefJSON.swift */ = {isa = PBXFileReference; lastKnownFileType = sourcecode.swift; path = BriefJSON.swift; sourceTree = "<group>"; };
		96FD9BD1839DC30E92065C7E /* ContentView.swift */ = {isa = PBXFileReference; lastKnownFileType = sourcecode.swift; path = ContentView.swift; sourceTree = "<group>"; };
		97C7886911F46E51E0EE1B2B /* KeychainStoreTests.swift */ = {isa = PBXFileReference; lastKnownFileType = sourcecode.swift; path = KeychainStoreTests.swift; sourceTree = "<group>"; };
		982FB6E746994CADC872ABF9 /* AppDatabaseTests.swift */ = {isa = PBXFileReference; lastKnownFileType = sourcecode.swift; path = AppDatabaseTests.swift; sourceTree = "<group>"; };
		98C662F360723B5576ACCA35 /* ChatInputView.swift */ = {isa = PBXFileReference; lastKnownFileType = sourcecode.swift; path = ChatInputView.swift; sourceTree = "<group>"; };
		999DA7D70BF17E8C58A82F39 /* MessengerAdapter.swift */ = {isa = PBXFileReference; lastKnownFileType = sourcecode.swift; path = MessengerAdapter.swift; sourceTree = "<group>"; };
		9B1929271EECAE78EB924D9C /* BriefRepositoryTests.swift */ = {isa = PBXFileReference; lastKnownFileType = sourcecode.swift; path = BriefRepositoryTests.swift; sourceTree = "<group>"; };
		A5153C5FA624AF8042F72A30 /* AppStateTests.swift */ = {isa = PBXFileReference; lastKnownFileType = sourcecode.swift; path = AppStateTests.swift; sourceTree = "<group>"; };
		A7984BAF95D16BC6C2BF8FC4 /* MenuBarController.swift */ = {isa = PBXFileReference; lastKnownFileType = sourcecode.swift; path = MenuBarController.swift; sourceTree = "<group>"; };
		B0E3E5C7F80F5E5EACF5E3E9 /* ChatPanelView.swift */ = {isa = PBXFileReference; lastKnownFileType = sourcecode.swift; path = ChatPanelView.swift; sourceTree = "<group>"; };
		B748E0A7F24D6131687A769E /* BriefEngineHistoryTests.swift */ = {isa = PBXFileReference; lastKnownFileType = sourcecode.swift; path = BriefEngineHistoryTests.swift; sourceTree = "<group>"; };
		BCE1A2AD60D1E42D7AAB4F4A /* Info.plist */ = {isa = PBXFileReference; lastKnownFileType = text.plist; path = Info.plist; sourceTree = "<group>"; };
		C20CEA789D8047744320CFBF /* ReplyDraftView.swift */ = {isa = PBXFileReference; lastKnownFileType = sourcecode.swift; path = ReplyDraftView.swift; sourceTree = "<group>"; };
		C581342159C8F31C26BDE07C /* BriefJSONTests.swift */ = {isa = PBXFileReference; lastKnownFileType = sourcecode.swift; path = BriefJSONTests.swift; sourceTree = "<group>"; };
		C809F386CA25C62428FFF6DF /* InstrumentationManager.swift */ = {isa = PBXFileReference; lastKnownFileType = sourcecode.swift; path = InstrumentationManager.swift; sourceTree = "<group>"; };
		C8B86E6E485D934BB3558CD3 /* BackendWorkflowE2ETests.swift */ = {isa = PBXFileReference; lastKnownFileType = sourcecode.swift; path = BackendWorkflowE2ETests.swift; sourceTree = "<group>"; };
		CC762565E52A3E618204CC24 /* BriefEngine.swift */ = {isa = PBXFileReference; lastKnownFileType = sourcecode.swift; path = BriefEngine.swift; sourceTree = "<group>"; };
		D2154C9B35956879197B12AC /* SubprocessAdapterTests.swift */ = {isa = PBXFileReference; lastKnownFileType = sourcecode.swift; path = SubprocessAdapterTests.swift; sourceTree = "<group>"; };
		D2E743B88282AE993C10C526 /* BriefProseView.swift */ = {isa = PBXFileReference; lastKnownFileType = sourcecode.swift; path = BriefProseView.swift; sourceTree = "<group>"; };
		D375CCA30EA1A7BE26C8F209 /* SearchTests.swift */ = {isa = PBXFileReference; lastKnownFileType = sourcecode.swift; path = SearchTests.swift; sourceTree = "<group>"; };
		D585C9E79CE6C3373CBFD739 /* PromptRegressionTests.swift */ = {isa = PBXFileReference; lastKnownFileType = sourcecode.swift; path = PromptRegressionTests.swift; sourceTree = "<group>"; };
		D8C2EEA87E1CE3CFC017BF0B /* DeepValidationTests.swift */ = {isa = PBXFileReference; lastKnownFileType = sourcecode.swift; path = DeepValidationTests.swift; sourceTree = "<group>"; };
		DD7132694084B04D0191F7CC /* KeychainStore.swift */ = {isa = PBXFileReference; lastKnownFileType = sourcecode.swift; path = KeychainStore.swift; sourceTree = "<group>"; };
		DF6366D0E1F8A72B71A9F530 /* ServiceSettingsTab.swift */ = {isa = PBXFileReference; lastKnownFileType = sourcecode.swift; path = ServiceSettingsTab.swift; sourceTree = "<group>"; };
		DFC689A6D5F7D05E452154B4 /* MediaPanelView.swift */ = {isa = PBXFileReference; lastKnownFileType = sourcecode.swift; path = MediaPanelView.swift; sourceTree = "<group>"; };
		E0E83C3D7F5BA8B73D9EF54F /* LLMClientTypesTests.swift */ = {isa = PBXFileReference; lastKnownFileType = sourcecode.swift; path = LLMClientTypesTests.swift; sourceTree = "<group>"; };
		E310D3698200C661D0937036 /* SettingsView.swift */ = {isa = PBXFileReference; lastKnownFileType = sourcecode.swift; path = SettingsView.swift; sourceTree = "<group>"; };
		E3EB5DE5DDEE98CA023C438D /* LLMessengerApp.swift */ = {isa = PBXFileReference; lastKnownFileType = sourcecode.swift; path = LLMessengerApp.swift; sourceTree = "<group>"; };
		EABDD8EAF1C1562B49DD442C /* PipelineScenarioTests.swift */ = {isa = PBXFileReference; lastKnownFileType = sourcecode.swift; path = PipelineScenarioTests.swift; sourceTree = "<group>"; };
		EBC9C795B6AF02F77D298ED7 /* AppState.swift */ = {isa = PBXFileReference; lastKnownFileType = sourcecode.swift; path = AppState.swift; sourceTree = "<group>"; };
		EBD22DF77EE0F38928663192 /* InstructionsSettingsTab.swift */ = {isa = PBXFileReference; lastKnownFileType = sourcecode.swift; path = InstructionsSettingsTab.swift; sourceTree = "<group>"; };
		EE76AF586A612F980FC97D19 /* PromptBuilderTests.swift */ = {isa = PBXFileReference; lastKnownFileType = sourcecode.swift; path = PromptBuilderTests.swift; sourceTree = "<group>"; };
		F108F4654D64EC797F01A083 /* AppDatabase.swift */ = {isa = PBXFileReference; lastKnownFileType = sourcecode.swift; path = AppDatabase.swift; sourceTree = "<group>"; };
		F2480065C366A43445195D28 /* LLMClient.swift */ = {isa = PBXFileReference; lastKnownFileType = sourcecode.swift; path = LLMClient.swift; sourceTree = "<group>"; };
		F27CBD218CE0D49903AC0ECE /* SystemInvariantTests.swift */ = {isa = PBXFileReference; lastKnownFileType = sourcecode.swift; path = SystemInvariantTests.swift; sourceTree = "<group>"; };
		FB4B8C1E7C4BDF5C7E5490F0 /* SignalCLIAdapter.swift */ = {isa = PBXFileReference; lastKnownFileType = sourcecode.swift; path = SignalCLIAdapter.swift; sourceTree = "<group>"; };
		FD6470BF1FD4618456E18C6D /* AutoLaunchManagerTests.swift */ = {isa = PBXFileReference; lastKnownFileType = sourcecode.swift; path = AutoLaunchManagerTests.swift; sourceTree = "<group>"; };
		FEF50F53B4EA1FE342BC9519 /* MessengerAdapterTypesTests.swift */ = {isa = PBXFileReference; lastKnownFileType = sourcecode.swift; path = MessengerAdapterTypesTests.swift; sourceTree = "<group>"; };
/* End PBXFileReference section */

/* Begin PBXFrameworksBuildPhase section */
		2AEBE98DE79213A1144AF7CD /* Frameworks */ = {
			isa = PBXFrameworksBuildPhase;
			buildActionMask = 2147483647;
			files = (
				68558FFF6748D2321631327B /* GRDB in Frameworks */,
			);
			runOnlyForDeploymentPostprocessing = 0;
		};
		EF8D0F8B3211978FC0E9FE3C /* Frameworks */ = {
			isa = PBXFrameworksBuildPhase;
			buildActionMask = 2147483647;
			files = (
				ED026EB71E8074D35FCC0477 /* GRDB in Frameworks */,
			);
			runOnlyForDeploymentPostprocessing = 0;
		};
/* End PBXFrameworksBuildPhase section */

/* Begin PBXGroup section */
		056590AA9FD9D74E056176B5 /* Keychain */ = {
			isa = PBXGroup;
			children = (
				DD7132694084B04D0191F7CC /* KeychainStore.swift */,
			);
			path = Keychain;
			sourceTree = "<group>";
		};
		0EDD5341D3C9298523B0F34E /* LLMessenger */ = {
			isa = PBXGroup;
			children = (
				7C0BEF5D9A652729F4FA11F4 /* AppDelegate.swift */,
				BCE1A2AD60D1E42D7AAB4F4A /* Info.plist */,
				595169617BDF071C68E4B357 /* LLMessenger.entitlements */,
				E3EB5DE5DDEE98CA023C438D /* LLMessengerApp.swift */,
				1958C796DA475A22D89DE79A /* Core */,
				8418CC4CB8ADF8512F3A2299 /* MenuBar */,
				CFF5E8DAB84A19E3F26BD8A6 /* UI */,
			);
			path = LLMessenger;
			sourceTree = "<group>";
		};
		13D677F767D3499CEF015E0C /* Store */ = {
			isa = PBXGroup;
			children = (
				F108F4654D64EC797F01A083 /* AppDatabase.swift */,
				F6B2A081A9581FA441C819D0 /* Models */,
			);
			path = Store;
			sourceTree = "<group>";
		};
		14FF6D9A4D2EB4CFFC1C603F = {
			isa = PBXGroup;
			children = (
				0EDD5341D3C9298523B0F34E /* LLMessenger */,
				473CFBEE838299AE8AC2E70A /* LLMessengerTests */,
				5E8C8AC34E3CA9EBA8112275 /* Products */,
			);
			sourceTree = "<group>";
		};
		1958C796DA475A22D89DE79A /* Core */ = {
			isa = PBXGroup;
			children = (
				91DCC83C90E2B73383588FD1 /* PollEngine.swift */,
				CBD7C66B317B27709DA2E883 /* Adapters */,
				90644E787A2033F97CE5767D /* AutoLaunch */,
				7F888C79963C323AB6E6BBD4 /* Brief */,
				3C6B81F35B6B0E4949B77E2B /* Instrumentation */,
				056590AA9FD9D74E056176B5 /* Keychain */,
				364507FCF3614EFBB0D459DF /* LLM */,
				7C31B2F17A8961B0B81DEEB6 /* Notifications */,
				305B620F4D1C883A66A7D035 /* Settings */,
				13D677F767D3499CEF015E0C /* Store */,
			);
			path = Core;
			sourceTree = "<group>";
		};
		23E7C80E85919A30BD261817 /* Onboarding */ = {
			isa = PBXGroup;
			children = (
				1C1B7A7D24D3AF2FF2E6FC84 /* OnboardingWindowController.swift */,
			);
			path = Onboarding;
			sourceTree = "<group>";
		};
		305B620F4D1C883A66A7D035 /* Settings */ = {
			isa = PBXGroup;
			children = (
				37E8FE3B928D05E300F53453 /* SettingsRepository.swift */,
			);
			path = Settings;
			sourceTree = "<group>";
		};
		364507FCF3614EFBB0D459DF /* LLM */ = {
			isa = PBXGroup;
			children = (
				5505C31BEA21DA121B801309 /* AnthropicClient.swift */,
				F2480065C366A43445195D28 /* LLMClient.swift */,
				09D44892CD851C4994CEA012 /* LLMProvider.swift */,
				01F6073CF328ABEC81E9A9E2 /* OllamaClient.swift */,
				14DE9B36EDDE0DDEA40BC7DB /* OpenAIClient.swift */,
				76E282A1175D7AE8E61BA9E1 /* PromptBuilder.swift */,
			);
			path = LLM;
			sourceTree = "<group>";
		};
		3C6B81F35B6B0E4949B77E2B /* Instrumentation */ = {
			isa = PBXGroup;
			children = (
				C809F386CA25C62428FFF6DF /* InstrumentationManager.swift */,
			);
			path = Instrumentation;
			sourceTree = "<group>";
		};
		473CFBEE838299AE8AC2E70A /* LLMessengerTests */ = {
			isa = PBXGroup;
			children = (
				2001BAFBE6E8EB71D5EEDEAB /* AdversarialResponseTests.swift */,
				982FB6E746994CADC872ABF9 /* AppDatabaseTests.swift */,
				A5153C5FA624AF8042F72A30 /* AppStateTests.swift */,
				FD6470BF1FD4618456E18C6D /* AutoLaunchManagerTests.swift */,
				C8B86E6E485D934BB3558CD3 /* BackendWorkflowE2ETests.swift */,
				B748E0A7F24D6131687A769E /* BriefEngineHistoryTests.swift */,
				306739C4ABE143E1957D677D /* BriefEngineTests.swift */,
				C581342159C8F31C26BDE07C /* BriefJSONTests.swift */,
				6D17C2D5EC8848327EDBE6B1 /* BriefRepositoryExtendedTests.swift */,
				9B1929271EECAE78EB924D9C /* BriefRepositoryTests.swift */,
				0761450986849BBC1F441151 /* ChatViewModelSendTests.swift */,
				39B862ED2D01355C54C9F7F9 /* ChatViewModelStateTests.swift */,
				47B8A33ADE90F0EC79A61D4D /* ChatViewModelTests.swift */,
				76800B61B4615653CD1A1140 /* ComponentContractTests.swift */,
				95C2ACF68692E965BA4055BA /* ConversationStateTests.swift */,
				4DEDA8ED7C4E649DCBD9BEE7 /* DatabaseIntegrityTests.swift */,
				276519F649E84201C4C1D365 /* DeepIntegrationTests.swift */,
				D8C2EEA87E1CE3CFC017BF0B /* DeepValidationTests.swift */,
				66D9CFBB9722856E912EABC7 /* FrontendRobustnessTests.swift */,
				97C7886911F46E51E0EE1B2B /* KeychainStoreTests.swift */,
				E0E83C3D7F5BA8B73D9EF54F /* LLMClientTypesTests.swift */,
				04AD6FE9081C8C6745F970B3 /* LLMessengerTests.swift */,
				81F98163F2B0DC06E29DF2EB /* LLMProviderTests.swift */,
				0035F3076DFE68F7CFF2F8BF /* MemoryCompressorTests.swift */,
				FEF50F53B4EA1FE342BC9519 /* MessengerAdapterTypesTests.swift */,
				330592143EFDC8AF2BC51E83 /* NotificationManagerTests.swift */,
				62EF6B3B6345490B504E7D0C /* OllamaClientTests.swift */,
				7D0942C43F58EB4A94C42A00 /* PinBriefTests.swift */,
				EABDD8EAF1C1562B49DD442C /* PipelineScenarioTests.swift */,
				749BBC4D526298A26ACEFABB /* PollEngineCycleTests.swift */,
				7A76DCD8E2690E5C02F66389 /* PollEngineReloadTests.swift */,
				5BD35DAA3149EDABD48268EB /* PollEngineTests.swift */,
				EE76AF586A612F980FC97D19 /* PromptBuilderTests.swift */,
				D585C9E79CE6C3373CBFD739 /* PromptRegressionTests.swift */,
				D375CCA30EA1A7BE26C8F209 /* SearchTests.swift */,
				309F6600675F13496583B3AA /* SettingsRepositoryTests.swift */,
				3CEF84891E1C875158D7F4B4 /* SignalCLIAdapterTests.swift */,
				D2154C9B35956879197B12AC /* SubprocessAdapterTests.swift */,
				F27CBD218CE0D49903AC0ECE /* SystemInvariantTests.swift */,
			);
			path = LLMessengerTests;
			sourceTree = "<group>";
		};
		5E8C8AC34E3CA9EBA8112275 /* Products */ = {
			isa = PBXGroup;
			children = (
				077FE5D051B4131476BEDD07 /* LLMessenger.app */,
				94378A6C5DDBC9A9A076B97D /* LLMessengerTests.xctest */,
			);
			name = Products;
			sourceTree = "<group>";
		};
		7C31B2F17A8961B0B81DEEB6 /* Notifications */ = {
			isa = PBXGroup;
			children = (
				3C06B210F56BF4ED8F4EDD76 /* NotificationManager.swift */,
			);
			path = Notifications;
			sourceTree = "<group>";
		};
		7F888C79963C323AB6E6BBD4 /* Brief */ = {
			isa = PBXGroup;
			children = (
				CC762565E52A3E618204CC24 /* BriefEngine.swift */,
				96A56457C4FC6C6DF1500A11 /* BriefJSON.swift */,
				1878E2B6A35CE54B6CB50CE5 /* BriefRepository.swift */,
				8EECDFBE48FD81655E32558B /* MemoryCompressor.swift */,
			);
			path = Brief;
			sourceTree = "<group>";
		};
		8418CC4CB8ADF8512F3A2299 /* MenuBar */ = {
			isa = PBXGroup;
			children = (
				A7984BAF95D16BC6C2BF8FC4 /* MenuBarController.swift */,
			);
			path = MenuBar;
			sourceTree = "<group>";
		};
		90644E787A2033F97CE5767D /* AutoLaunch */ = {
			isa = PBXGroup;
			children = (
				806576F921F0C0A99AB00DC3 /* AutoLaunchManager.swift */,
			);
			path = AutoLaunch;
			sourceTree = "<group>";
		};
		CBD7C66B317B27709DA2E883 /* Adapters */ = {
			isa = PBXGroup;
			children = (
				5F1ADA68A6D2F9D76588BF7A /* iMessageAdapter.swift */,
				999DA7D70BF17E8C58A82F39 /* MessengerAdapter.swift */,
				FB4B8C1E7C4BDF5C7E5490F0 /* SignalCLIAdapter.swift */,
				08F728AD5C60C25170C49606 /* SubprocessAdapter.swift */,
			);
			path = Adapters;
			sourceTree = "<group>";
		};
		CFF5E8DAB84A19E3F26BD8A6 /* UI */ = {
			isa = PBXGroup;
			children = (
				EBC9C795B6AF02F77D298ED7 /* AppState.swift */,
				3154370024E6D2FFA5B0FE62 /* AssistantResponseView.swift */,
				758A1B093F09B6DE98D3613C /* BriefHeaderView.swift */,
				17E2FC6E580C483A5220F007 /* BriefListView.swift */,
				D2E743B88282AE993C10C526 /* BriefProseView.swift */,
				98C662F360723B5576ACCA35 /* ChatInputView.swift */,
				B0E3E5C7F80F5E5EACF5E3E9 /* ChatPanelView.swift */,
				4AD49D8511186D6C7D97DCE1 /* ChatViewModel.swift */,
				2415F8132629B43CC77A08F8 /* ChatWindowController.swift */,
				96FD9BD1839DC30E92065C7E /* ContentView.swift */,
				DFC689A6D5F7D05E452154B4 /* MediaPanelView.swift */,
				700C9AE93DA56553E631CE85 /* MessageBubbleView.swift */,
				C20CEA789D8047744320CFBF /* ReplyDraftView.swift */,
				34BAACF8C7BC99014F710229 /* SearchResultsView.swift */,
				47B676DE198355D9388A6399 /* Theme.swift */,
				4A14FF85C448907397AC9412 /* ThreadView.swift */,
				23E7C80E85919A30BD261817 /* Onboarding */,
				DDC8B6540D7585E7A808DB29 /* Settings */,
			);
			path = UI;
			sourceTree = "<group>";
		};
		DDC8B6540D7585E7A808DB29 /* Settings */ = {
			isa = PBXGroup;
			children = (
				792419D090E0BA27E26988ED /* AboutSettingsTab.swift */,
				EBD22DF77EE0F38928663192 /* InstructionsSettingsTab.swift */,
				44D6788AD581D62FE11B99E8 /* LLMSettingsTab.swift */,
				6BC6FDFCFADDCEE5A74B7FB0 /* OllamaModelPicker.swift */,
				DF6366D0E1F8A72B71A9F530 /* ServiceSettingsTab.swift */,
				E310D3698200C661D0937036 /* SettingsView.swift */,
				874EAADE41BC00D431B7655A /* SettingsWindowController.swift */,
				173C28CE4F72A153E9132291 /* TelegramSignInView.swift */,
			);
			path = Settings;
			sourceTree = "<group>";
		};
		F6B2A081A9581FA441C819D0 /* Models */ = {
			isa = PBXGroup;
			children = (
				3982B388A984024FBEEA9C82 /* Brief.swift */,
				1551568E73E6646226FE66C3 /* BriefCardRecord.swift */,
				5B7AAA3D7B964F21F64A8D29 /* BriefCardSource.swift */,
				764C95853B55B31A7FDBCA54 /* ConversationState.swift */,
				7C8397AA9C0E4BF6BE370EB9 /* LLMRunRecord.swift */,
				4DF82DF450F3BE04F68ACE24 /* Message.swift */,
				3083103C313177E5561AF1A6 /* MessageSearchResult.swift */,
				3DB2F4FDD502C4B9477B9BCE /* ServiceConfig.swift */,
				0B01BD5888FD90D28050A644 /* ServiceHealth.swift */,
			);
			path = Models;
			sourceTree = "<group>";
		};
/* End PBXGroup section */

/* Begin PBXNativeTarget section */
		D523D9B22AB9F1E089BDE196 /* LLMessengerTests */ = {
			isa = PBXNativeTarget;
			buildConfigurationList = 5A4490C174AE35CC292D8FD4 /* Build configuration list for PBXNativeTarget "LLMessengerTests" */;
			buildPhases = (
				8128A7E938B5C448E1429C75 /* Sources */,
				EF8D0F8B3211978FC0E9FE3C /* Frameworks */,
			);
			buildRules = (
			);
			dependencies = (
				13453B954EFF59E32FB67AFD /* PBXTargetDependency */,
			);
			name = LLMessengerTests;
			packageProductDependencies = (
				053BC1D531581B41EE1FF9FC /* GRDB */,
			);
			productName = LLMessengerTests;
			productReference = 94378A6C5DDBC9A9A076B97D /* LLMessengerTests.xctest */;
			productType = "com.apple.product-type.bundle.unit-test";
		};
		D8C18878128686BDD36ED483 /* LLMessenger */ = {
			isa = PBXNativeTarget;
			buildConfigurationList = 00D8C7C96EC5F2820B4C6050 /* Build configuration list for PBXNativeTarget "LLMessenger" */;
			buildPhases = (
				6F6C055064F81B38E9D098B0 /* Sources */,
				2AEBE98DE79213A1144AF7CD /* Frameworks */,
			);
			buildRules = (
			);
			dependencies = (
			);
			name = LLMessenger;
			packageProductDependencies = (
				D2A719FBD90D2E75C687F20F /* GRDB */,
			);
			productName = LLMessenger;
			productReference = 077FE5D051B4131476BEDD07 /* LLMessenger.app */;
			productType = "com.apple.product-type.application";
		};
/* End PBXNativeTarget section */

/* Begin PBXProject section */
		0DB035EDC2478694CD4D1658 /* Project object */ = {
			isa = PBXProject;
			attributes = {
				BuildIndependentTargetsInParallel = YES;
				LastUpgradeCheck = 1430;
				TargetAttributes = {
				};
			};
			buildConfigurationList = 27A2941F5CDB25CACACF9A6F /* Build configuration list for PBXProject "LLMessenger" */;
			developmentRegion = en;
			hasScannedForEncodings = 0;
			knownRegions = (
				Base,
				en,
			);
			mainGroup = 14FF6D9A4D2EB4CFFC1C603F;
			minimizedProjectReferenceProxies = 1;
			packageReferences = (
				DE66926FA3D5C06EA2B25CC3 /* XCRemoteSwiftPackageReference "GRDB.swift" */,
			);
			preferredProjectObjectVersion = 77;
			productRefGroup = 5E8C8AC34E3CA9EBA8112275 /* Products */;
			projectDirPath = "";
			projectRoot = "";
			targets = (
				D8C18878128686BDD36ED483 /* LLMessenger */,
				D523D9B22AB9F1E089BDE196 /* LLMessengerTests */,
			);
		};
/* End PBXProject section */

/* Begin PBXSourcesBuildPhase section */
		6F6C055064F81B38E9D098B0 /* Sources */ = {
			isa = PBXSourcesBuildPhase;
			buildActionMask = 2147483647;
			files = (
				9B30345F5A5A20571E4BE12D /* AboutSettingsTab.swift in Sources */,
				57A0A183DA4F04B687597823 /* AnthropicClient.swift in Sources */,
				5D6362E0E7358191E879A9FC /* AppDatabase.swift in Sources */,
				44401121145FDD4E5FDFB90A /* AppDelegate.swift in Sources */,
				C347F8AD719ED5819B0D3D09 /* AppState.swift in Sources */,
				1B0047A6CC4EC78192C7D255 /* AssistantResponseView.swift in Sources */,
				AF6BE9979D35F02876AF59D8 /* AutoLaunchManager.swift in Sources */,
				ED58A99EF4403B466D24E7FF /* Brief.swift in Sources */,
				B93451BF2E596033EE00C54C /* BriefCardRecord.swift in Sources */,
				396B16C71848A738B4564FBE /* BriefCardSource.swift in Sources */,
				FB19EB3855A919C4B8DCB7C4 /* BriefEngine.swift in Sources */,
				FAF9F38106756444BDB2FAAA /* BriefHeaderView.swift in Sources */,
				2837CF2B8EB456AA3092F0D4 /* BriefJSON.swift in Sources */,
				B47F50B3DD0A86EE369C8549 /* BriefListView.swift in Sources */,
				5A7F8A5FF820AE804CFC2BEC /* BriefProseView.swift in Sources */,
				ADE6785F10D5F0FB2A55C6C6 /* BriefRepository.swift in Sources */,
				A4888E40CE69CDE1673C16D6 /* ChatInputView.swift in Sources */,
				2A0BCA89102778B9B01286A4 /* ChatPanelView.swift in Sources */,
				94D87E437489209C34A52596 /* ChatViewModel.swift in Sources */,
				237D39CA190899E3F771F2DA /* ChatWindowController.swift in Sources */,
				C6E78A674132D16A32E143B9 /* ContentView.swift in Sources */,
				D49BA4B9E524B043E9C52A22 /* ConversationState.swift in Sources */,
				362A008262AA38403555B958 /* InstructionsSettingsTab.swift in Sources */,
				506E010AE6C91F8A4476F492 /* InstrumentationManager.swift in Sources */,
				D3E2D898475FF1A5557529FB /* KeychainStore.swift in Sources */,
				671F4C04C5BC9ABC8ED70514 /* LLMClient.swift in Sources */,
				6FD560709B01F26879B0C14C /* LLMProvider.swift in Sources */,
				7177450F9E2D6DC65A094DA5 /* LLMRunRecord.swift in Sources */,
				1F3AF9DCA45D658915781028 /* LLMSettingsTab.swift in Sources */,
				DE0C17AEBEECDE55B14BD784 /* LLMessengerApp.swift in Sources */,
				6AA8C3866C3D66763E25B60A /* MediaPanelView.swift in Sources */,
				F465FA960D540D9CFB44E578 /* MemoryCompressor.swift in Sources */,
				2A8C3511868F93C5A6FF7D43 /* MenuBarController.swift in Sources */,
				A487772BFE11B21472DAB15E /* Message.swift in Sources */,
				E1FD0D71E3234B0DD4210B14 /* MessageBubbleView.swift in Sources */,
				F28C2071A135A89B176AFC29 /* MessageSearchResult.swift in Sources */,
				8F6E46E1E8A362D1B0918AE5 /* MessengerAdapter.swift in Sources */,
				85D75B32679B8196954EE50E /* NotificationManager.swift in Sources */,
				2608EF8CE0CD660F8AA89425 /* OllamaClient.swift in Sources */,
				42A2A32E450140617994E17E /* OllamaModelPicker.swift in Sources */,
				AE1F3B8A38C350D22D81407E /* OnboardingWindowController.swift in Sources */,
				7A1C42ABBA573144C4FF9C7F /* OpenAIClient.swift in Sources */,
				EBF9D849F71DA7874D3F96DD /* PollEngine.swift in Sources */,
				34ACCAF6781DDF51A663A56F /* PromptBuilder.swift in Sources */,
				2FA9A9CE602BE2F90A1FC1A8 /* ReplyDraftView.swift in Sources */,
				CDC3A3BE61AF399A26C898AD /* SearchResultsView.swift in Sources */,
				F4A203E914BDB2F60BF276E4 /* ServiceConfig.swift in Sources */,
				2A11383BA014D49F2D898CA7 /* ServiceHealth.swift in Sources */,
				ACD272260C85A265D50055A1 /* ServiceSettingsTab.swift in Sources */,
				A0DE7BCCB584415E32B6B38A /* SettingsRepository.swift in Sources */,
				478DEBF976DFFFF26DB08556 /* SettingsView.swift in Sources */,
				6515871374A6975B0B2432DF /* SettingsWindowController.swift in Sources */,
				95A2593B4891EC65019E1568 /* SignalCLIAdapter.swift in Sources */,
				EAB0DE7548B574521670DA15 /* SubprocessAdapter.swift in Sources */,
				7485667FD9BB75A498987D0F /* TelegramSignInView.swift in Sources */,
				40B16522FD6D885CF5BA5741 /* Theme.swift in Sources */,
				A4AAEAA892F516B7F9D4B3B7 /* ThreadView.swift in Sources */,
				F37C2D2EABCEB3FA7BF41E5D /* iMessageAdapter.swift in Sources */,
			);
			runOnlyForDeploymentPostprocessing = 0;
		};
		8128A7E938B5C448E1429C75 /* Sources */ = {
			isa = PBXSourcesBuildPhase;
			buildActionMask = 2147483647;
			files = (
				8F6EFC69ED3C075B0263B502 /* AdversarialResponseTests.swift in Sources */,
				5D699EFC3B5C38ED70CDAE9D /* AppDatabaseTests.swift in Sources */,
				0A29CB4614513C5DD5552425 /* AppStateTests.swift in Sources */,
				AA6E78AED377D90FC3EBAA02 /* AutoLaunchManagerTests.swift in Sources */,
				9F38EF9EC39BCDDA18E567C9 /* BackendWorkflowE2ETests.swift in Sources */,
				732196ED36CB2969112FCCB1 /* BriefEngineHistoryTests.swift in Sources */,
				89D9474481B146BB8EFB761C /* BriefEngineTests.swift in Sources */,
				3E22F31FF9FE520E6770954B /* BriefJSONTests.swift in Sources */,
				BAB6F302E2FD6409D2BEEAA5 /* BriefRepositoryExtendedTests.swift in Sources */,
				74A17FE1D2ED74716D433271 /* BriefRepositoryTests.swift in Sources */,
				D09A7CAA48767CB5A4547E12 /* ChatViewModelSendTests.swift in Sources */,
				9EE7E570AFCD297587F3DE25 /* ChatViewModelStateTests.swift in Sources */,
				B3CF5BF36060C33F25099D53 /* ChatViewModelTests.swift in Sources */,
				2EFA151ECCBBC3B53FD73792 /* ComponentContractTests.swift in Sources */,
				BCFC2235AC318EA2A9019F83 /* ConversationStateTests.swift in Sources */,
				A7678C24739CB1709B5418C1 /* DatabaseIntegrityTests.swift in Sources */,
				051BE19FFE796E11D9312A4E /* DeepIntegrationTests.swift in Sources */,
				55D5BEFF888909CDB585F8F2 /* DeepValidationTests.swift in Sources */,
				D2E04218C7BB48081762903B /* FrontendRobustnessTests.swift in Sources */,
				2528022DB189F9F99041972C /* KeychainStoreTests.swift in Sources */,
				E2C8F8B6CA8E66B74B528FB1 /* LLMClientTypesTests.swift in Sources */,
				E76EA4B470CC880F2800F3F3 /* LLMProviderTests.swift in Sources */,
				7B7A3506F3DF564A1595A4A8 /* LLMessengerTests.swift in Sources */,
				AEC6BDAAE9B2D3A6348B68CB /* MemoryCompressorTests.swift in Sources */,
				570A01C0F98874233CA618A5 /* MessengerAdapterTypesTests.swift in Sources */,
				5F54EE7EAB1F99DEE6B0AC0E /* NotificationManagerTests.swift in Sources */,
				D609CAF8C4BC8524218E0A75 /* OllamaClientTests.swift in Sources */,
				10FDEC3A7ECBB49B4D3812E1 /* PinBriefTests.swift in Sources */,
				290249C7A1968FD41288ACAA /* PipelineScenarioTests.swift in Sources */,
				3CD5F5A70910F91189DA2D0B /* PollEngineCycleTests.swift in Sources */,
				16185B63A14D0F999957555B /* PollEngineReloadTests.swift in Sources */,
				99DF7C943776ACA97E3BEBFE /* PollEngineTests.swift in Sources */,
				31E46F341085D08259EC4962 /* PromptBuilderTests.swift in Sources */,
				C64A51B8478050E8D749A2D1 /* PromptRegressionTests.swift in Sources */,
				12A2A2099247A96860DD28E5 /* SearchTests.swift in Sources */,
				502774F71461059F83BA8C05 /* SettingsRepositoryTests.swift in Sources */,
				EE574346F9B9265CA3795AB7 /* SignalCLIAdapterTests.swift in Sources */,
				0AA8FC1D3F625AABF5777C9F /* SubprocessAdapterTests.swift in Sources */,
				6590441FCAED6F40B1C1E6A9 /* SystemInvariantTests.swift in Sources */,
			);
			runOnlyForDeploymentPostprocessing = 0;
		};
/* End PBXSourcesBuildPhase section */

/* Begin PBXTargetDependency section */
		13453B954EFF59E32FB67AFD /* PBXTargetDependency */ = {
			isa = PBXTargetDependency;
			target = D8C18878128686BDD36ED483 /* LLMessenger */;
			targetProxy = F164A1C73904287415EDFF17 /* PBXContainerItemProxy */;
		};
/* End PBXTargetDependency section */

/* Begin XCBuildConfiguration section */
		02A416D4CD2CF079F2D4FBB4 /* Debug */ = {
			isa = XCBuildConfiguration;
			buildSettings = {
				ASSETCATALOG_COMPILER_APPICON_NAME = AppIcon;
				CODE_SIGN_ENTITLEMENTS = LLMessenger/LLMessenger.entitlements;
				COMBINE_HIDPI_IMAGES = YES;
				ENABLE_HARDENED_RUNTIME = YES;
				INFOPLIST_FILE = LLMessenger/Info.plist;
				LD_RUNPATH_SEARCH_PATHS = (
					"$(inherited)",
					"@executable_path/../Frameworks",
				);
				MACOSX_DEPLOYMENT_TARGET = 13.0;
				PRODUCT_BUNDLE_IDENTIFIER = com.llmessenger.app;
				SDKROOT = macosx;
				SWIFT_VERSION = 5.9;
			};
			name = Debug;
		};
		2E591F30726EE2615D9A57F1 /* Debug */ = {
			isa = XCBuildConfiguration;
			buildSettings = {
				ALWAYS_SEARCH_USER_PATHS = NO;
				CLANG_ANALYZER_NONNULL = YES;
				CLANG_ANALYZER_NUMBER_OBJECT_CONVERSION = YES_AGGRESSIVE;
				CLANG_CXX_LANGUAGE_STANDARD = "gnu++14";
				CLANG_CXX_LIBRARY = "libc++";
				CLANG_ENABLE_MODULES = YES;
				CLANG_ENABLE_OBJC_ARC = YES;
				CLANG_ENABLE_OBJC_WEAK = YES;
				CLANG_WARN_BLOCK_CAPTURE_AUTORELEASING = YES;
				CLANG_WARN_BOOL_CONVERSION = YES;
				CLANG_WARN_COMMA = YES;
				CLANG_WARN_CONSTANT_CONVERSION = YES;
				CLANG_WARN_DEPRECATED_OBJC_IMPLEMENTATIONS = YES;
				CLANG_WARN_DIRECT_OBJC_ISA_USAGE = YES_ERROR;
				CLANG_WARN_DOCUMENTATION_COMMENTS = YES;
				CLANG_WARN_EMPTY_BODY = YES;
				CLANG_WARN_ENUM_CONVERSION = YES;
				CLANG_WARN_INFINITE_RECURSION = YES;
				CLANG_WARN_INT_CONVERSION = YES;
				CLANG_WARN_NON_LITERAL_NULL_CONVERSION = YES;
				CLANG_WARN_OBJC_IMPLICIT_RETAIN_SELF = YES;
				CLANG_WARN_OBJC_LITERAL_CONVERSION = YES;
				CLANG_WARN_OBJC_ROOT_CLASS = YES_ERROR;
				CLANG_WARN_QUOTED_INCLUDE_IN_FRAMEWORK_HEADER = YES;
				CLANG_WARN_RANGE_LOOP_ANALYSIS = YES;
				CLANG_WARN_STRICT_PROTOTYPES = YES;
				CLANG_WARN_SUSPICIOUS_MOVE = YES;
				CLANG_WARN_UNGUARDED_AVAILABILITY = YES_AGGRESSIVE;
				CLANG_WARN_UNREACHABLE_CODE = YES;
				CLANG_WARN__DUPLICATE_METHOD_MATCH = YES;
				COPY_PHASE_STRIP = NO;
				DEBUG_INFORMATION_FORMAT = dwarf;
				ENABLE_STRICT_OBJC_MSGSEND = YES;
				ENABLE_TESTABILITY = YES;
				GCC_C_LANGUAGE_STANDARD = gnu11;
				GCC_DYNAMIC_NO_PIC = NO;
				GCC_NO_COMMON_BLOCKS = YES;
				GCC_OPTIMIZATION_LEVEL = 0;
				GCC_PREPROCESSOR_DEFINITIONS = (
					"$(inherited)",
					"DEBUG=1",
				);
				GCC_WARN_64_TO_32_BIT_CONVERSION = YES;
				GCC_WARN_ABOUT_RETURN_TYPE = YES_ERROR;
				GCC_WARN_UNDECLARED_SELECTOR = YES;
				GCC_WARN_UNINITIALIZED_AUTOS = YES_AGGRESSIVE;
				GCC_WARN_UNUSED_FUNCTION = YES;
				GCC_WARN_UNUSED_VARIABLE = YES;
				MACOSX_DEPLOYMENT_TARGET = 13.0;
				MTL_ENABLE_DEBUG_INFO = INCLUDE_SOURCE;
				MTL_FAST_MATH = YES;
				ONLY_ACTIVE_ARCH = YES;
				PRODUCT_NAME = "$(TARGET_NAME)";
				SDKROOT = macosx;
				SWIFT_ACTIVE_COMPILATION_CONDITIONS = DEBUG;
				SWIFT_OPTIMIZATION_LEVEL = "-Onone";
				SWIFT_VERSION = 5.0;
			};
			name = Debug;
		};
		4E2312197A01131D0DE0A6A0 /* Release */ = {
			isa = XCBuildConfiguration;
			buildSettings = {
				ASSETCATALOG_COMPILER_APPICON_NAME = AppIcon;
				CODE_SIGN_ENTITLEMENTS = LLMessenger/LLMessenger.entitlements;
				COMBINE_HIDPI_IMAGES = YES;
				ENABLE_HARDENED_RUNTIME = YES;
				INFOPLIST_FILE = LLMessenger/Info.plist;
				LD_RUNPATH_SEARCH_PATHS = (
					"$(inherited)",
					"@executable_path/../Frameworks",
				);
				MACOSX_DEPLOYMENT_TARGET = 13.0;
				PRODUCT_BUNDLE_IDENTIFIER = com.llmessenger.app;
				SDKROOT = macosx;
				SWIFT_VERSION = 5.9;
			};
			name = Release;
		};
		88DBBB8B10A5C7550DE40BAB /* Release */ = {
			isa = XCBuildConfiguration;
			buildSettings = {
				BUNDLE_LOADER = "$(TEST_HOST)";
				COMBINE_HIDPI_IMAGES = YES;
				GENERATE_INFOPLIST_FILE = YES;
				LD_RUNPATH_SEARCH_PATHS = (
					"$(inherited)",
					"@executable_path/../Frameworks",
					"@loader_path/../Frameworks",
				);
				MACOSX_DEPLOYMENT_TARGET = 13.0;
				PRODUCT_BUNDLE_IDENTIFIER = com.llmessenger.LLMessengerTests;
				SDKROOT = macosx;
				SWIFT_VERSION = 5.9;
				TEST_HOST = "$(BUILT_PRODUCTS_DIR)/LLMessenger.app/Contents/MacOS/LLMessenger";
			};
			name = Release;
		};
		B947479FB76C411320AC2664 /* Release */ = {
			isa = XCBuildConfiguration;
			buildSettings = {
				ALWAYS_SEARCH_USER_PATHS = NO;
				CLANG_ANALYZER_NONNULL = YES;
				CLANG_ANALYZER_NUMBER_OBJECT_CONVERSION = YES_AGGRESSIVE;
				CLANG_CXX_LANGUAGE_STANDARD = "gnu++14";
				CLANG_CXX_LIBRARY = "libc++";
				CLANG_ENABLE_MODULES = YES;
				CLANG_ENABLE_OBJC_ARC = YES;
				CLANG_ENABLE_OBJC_WEAK = YES;
				CLANG_WARN_BLOCK_CAPTURE_AUTORELEASING = YES;
				CLANG_WARN_BOOL_CONVERSION = YES;
				CLANG_WARN_COMMA = YES;
				CLANG_WARN_CONSTANT_CONVERSION = YES;
				CLANG_WARN_DEPRECATED_OBJC_IMPLEMENTATIONS = YES;
				CLANG_WARN_DIRECT_OBJC_ISA_USAGE = YES_ERROR;
				CLANG_WARN_DOCUMENTATION_COMMENTS = YES;
				CLANG_WARN_EMPTY_BODY = YES;
				CLANG_WARN_ENUM_CONVERSION = YES;
				CLANG_WARN_INFINITE_RECURSION = YES;
				CLANG_WARN_INT_CONVERSION = YES;
				CLANG_WARN_NON_LITERAL_NULL_CONVERSION = YES;
				CLANG_WARN_OBJC_IMPLICIT_RETAIN_SELF = YES;
				CLANG_WARN_OBJC_LITERAL_CONVERSION = YES;
				CLANG_WARN_OBJC_ROOT_CLASS = YES_ERROR;
				CLANG_WARN_QUOTED_INCLUDE_IN_FRAMEWORK_HEADER = YES;
				CLANG_WARN_RANGE_LOOP_ANALYSIS = YES;
				CLANG_WARN_STRICT_PROTOTYPES = YES;
				CLANG_WARN_SUSPICIOUS_MOVE = YES;
				CLANG_WARN_UNGUARDED_AVAILABILITY = YES_AGGRESSIVE;
				CLANG_WARN_UNREACHABLE_CODE = YES;
				CLANG_WARN__DUPLICATE_METHOD_MATCH = YES;
				COPY_PHASE_STRIP = NO;
				DEBUG_INFORMATION_FORMAT = "dwarf-with-dsym";
				ENABLE_NS_ASSERTIONS = NO;
				ENABLE_STRICT_OBJC_MSGSEND = YES;
				GCC_C_LANGUAGE_STANDARD = gnu11;
				GCC_NO_COMMON_BLOCKS = YES;
				GCC_WARN_64_TO_32_BIT_CONVERSION = YES;
				GCC_WARN_ABOUT_RETURN_TYPE = YES_ERROR;
				GCC_WARN_UNDECLARED_SELECTOR = YES;
				GCC_WARN_UNINITIALIZED_AUTOS = YES_AGGRESSIVE;
				GCC_WARN_UNUSED_FUNCTION = YES;
				GCC_WARN_UNUSED_VARIABLE = YES;
				MACOSX_DEPLOYMENT_TARGET = 13.0;
				MTL_ENABLE_DEBUG_INFO = NO;
				MTL_FAST_MATH = YES;
				PRODUCT_NAME = "$(TARGET_NAME)";
				SDKROOT = macosx;
				SWIFT_COMPILATION_MODE = wholemodule;
				SWIFT_OPTIMIZATION_LEVEL = "-O";
				SWIFT_VERSION = 5.0;
			};
			name = Release;
		};
		D3B499D7366FFD0D38F2FDC7 /* Debug */ = {
			isa = XCBuildConfiguration;
			buildSettings = {
				BUNDLE_LOADER = "$(TEST_HOST)";
				COMBINE_HIDPI_IMAGES = YES;
				GENERATE_INFOPLIST_FILE = YES;
				LD_RUNPATH_SEARCH_PATHS = (
					"$(inherited)",
					"@executable_path/../Frameworks",
					"@loader_path/../Frameworks",
				);
				MACOSX_DEPLOYMENT_TARGET = 13.0;
				PRODUCT_BUNDLE_IDENTIFIER = com.llmessenger.LLMessengerTests;
				SDKROOT = macosx;
				SWIFT_VERSION = 5.9;
				TEST_HOST = "$(BUILT_PRODUCTS_DIR)/LLMessenger.app/Contents/MacOS/LLMessenger";
			};
			name = Debug;
		};
/* End XCBuildConfiguration section */

/* Begin XCConfigurationList section */
		00D8C7C96EC5F2820B4C6050 /* Build configuration list for PBXNativeTarget "LLMessenger" */ = {
			isa = XCConfigurationList;
			buildConfigurations = (
				02A416D4CD2CF079F2D4FBB4 /* Debug */,
				4E2312197A01131D0DE0A6A0 /* Release */,
			);
			defaultConfigurationIsVisible = 0;
			defaultConfigurationName = Debug;
		};
		27A2941F5CDB25CACACF9A6F /* Build configuration list for PBXProject "LLMessenger" */ = {
			isa = XCConfigurationList;
			buildConfigurations = (
				2E591F30726EE2615D9A57F1 /* Debug */,
				B947479FB76C411320AC2664 /* Release */,
			);
			defaultConfigurationIsVisible = 0;
			defaultConfigurationName = Debug;
		};
		5A4490C174AE35CC292D8FD4 /* Build configuration list for PBXNativeTarget "LLMessengerTests" */ = {
			isa = XCConfigurationList;
			buildConfigurations = (
				D3B499D7366FFD0D38F2FDC7 /* Debug */,
				88DBBB8B10A5C7550DE40BAB /* Release */,
			);
			defaultConfigurationIsVisible = 0;
			defaultConfigurationName = Debug;
		};
/* End XCConfigurationList section */

/* Begin XCRemoteSwiftPackageReference section */
		DE66926FA3D5C06EA2B25CC3 /* XCRemoteSwiftPackageReference "GRDB.swift" */ = {
			isa = XCRemoteSwiftPackageReference;
			repositoryURL = "https://github.com/groue/GRDB.swift";
			requirement = {
				kind = upToNextMajorVersion;
				minimumVersion = 6.0.0;
			};
		};
/* End XCRemoteSwiftPackageReference section */

/* Begin XCSwiftPackageProductDependency section */
		053BC1D531581B41EE1FF9FC /* GRDB */ = {
			isa = XCSwiftPackageProductDependency;
			package = DE66926FA3D5C06EA2B25CC3 /* XCRemoteSwiftPackageReference "GRDB.swift" */;
			productName = GRDB;
		};
		D2A719FBD90D2E75C687F20F /* GRDB */ = {
			isa = XCSwiftPackageProductDependency;
			package = DE66926FA3D5C06EA2B25CC3 /* XCRemoteSwiftPackageReference "GRDB.swift" */;
			productName = GRDB;
		};
/* End XCSwiftPackageProductDependency section */
	};
	rootObject = 0DB035EDC2478694CD4D1658 /* Project object */;
}
